// !$*UTF8*$!
{
	archiveVersion = 1;
	classes = {
	};
	objectVersion = 46;
	objects = {

/* Begin PBXBuildFile section */
		0991DC4F1BD800EE005BA2B9 /* (null) in Resources */ = {isa = PBXBuildFile; };
		0991DC511BD800EE005BA2B9 /* (null) in Resources */ = {isa = PBXBuildFile; };
		0991DC551BD800EE005BA2B9 /* (null) in Resources */ = {isa = PBXBuildFile; };
		09ED5F971BDB019900A58F13 /* analogBg.png in Resources */ = {isa = PBXBuildFile; fileRef = 09ED5F561BDB019900A58F13 /* analogBg.png */; };
		09ED5F981BDB019900A58F13 /* analogBtn.png in Resources */ = {isa = PBXBuildFile; fileRef = 09ED5F571BDB019900A58F13 /* analogBtn.png */; };
		09ED5F991BDB019900A58F13 /* GotHitAgent1.png in Resources */ = {isa = PBXBuildFile; fileRef = 09ED5F5B1BDB019900A58F13 /* GotHitAgent1.png */; };
		09ED5F9A1BDB019900A58F13 /* idleAgent1.png in Resources */ = {isa = PBXBuildFile; fileRef = 09ED5F5D1BDB019900A58F13 /* idleAgent1.png */; };
		09ED5F9B1BDB019900A58F13 /* idleAgent2.png in Resources */ = {isa = PBXBuildFile; fileRef = 09ED5F5E1BDB019900A58F13 /* idleAgent2.png */; };
		09ED5F9C1BDB019900A58F13 /* jumpAgent1.png in Resources */ = {isa = PBXBuildFile; fileRef = 09ED5F601BDB019900A58F13 /* jumpAgent1.png */; };
		09ED5F9D1BDB019900A58F13 /* jumpAgent2.png in Resources */ = {isa = PBXBuildFile; fileRef = 09ED5F611BDB019900A58F13 /* jumpAgent2.png */; };
		09ED5F9E1BDB019900A58F13 /* RunningAgent1.png in Resources */ = {isa = PBXBuildFile; fileRef = 09ED5F631BDB019900A58F13 /* RunningAgent1.png */; };
		09ED5F9F1BDB019900A58F13 /* RunningAgent2.png in Resources */ = {isa = PBXBuildFile; fileRef = 09ED5F641BDB019900A58F13 /* RunningAgent2.png */; };
		09ED5FA01BDB019900A58F13 /* RunningAgent3.png in Resources */ = {isa = PBXBuildFile; fileRef = 09ED5F651BDB019900A58F13 /* RunningAgent3.png */; };
		09ED5FA11BDB019900A58F13 /* RunningAgent4.png in Resources */ = {isa = PBXBuildFile; fileRef = 09ED5F661BDB019900A58F13 /* RunningAgent4.png */; };
		09ED5FA21BDB019900A58F13 /* RunningAgent5.png in Resources */ = {isa = PBXBuildFile; fileRef = 09ED5F671BDB019900A58F13 /* RunningAgent5.png */; };
		09ED5FA31BDB019900A58F13 /* RunningAgent6.png in Resources */ = {isa = PBXBuildFile; fileRef = 09ED5F681BDB019900A58F13 /* RunningAgent6.png */; };
		09ED5FA41BDB019900A58F13 /* pernasParado1.png in Resources */ = {isa = PBXBuildFile; fileRef = 09ED5F6B1BDB019900A58F13 /* pernasParado1.png */; };
		09ED5FA51BDB019900A58F13 /* troncoParado1.png in Resources */ = {isa = PBXBuildFile; fileRef = 09ED5F6C1BDB019900A58F13 /* troncoParado1.png */; };
		09ED5FA61BDB019900A58F13 /* troncoParado2.png in Resources */ = {isa = PBXBuildFile; fileRef = 09ED5F6D1BDB019900A58F13 /* troncoParado2.png */; };
		09ED5FA71BDB019900A58F13 /* troncoParado3.png in Resources */ = {isa = PBXBuildFile; fileRef = 09ED5F6E1BDB019900A58F13 /* troncoParado3.png */; };
		09ED5FA81BDB019900A58F13 /* troncoParado4.png in Resources */ = {isa = PBXBuildFile; fileRef = 09ED5F6F1BDB019900A58F13 /* troncoParado4.png */; };
		09ED5FA91BDB019900A58F13 /* coinCity.png in Resources */ = {isa = PBXBuildFile; fileRef = 09ED5F721BDB019900A58F13 /* coinCity.png */; };
		09ED5FAA1BDB019900A58F13 /* diamondCity.png in Resources */ = {isa = PBXBuildFile; fileRef = 09ED5F731BDB019900A58F13 /* diamondCity.png */; };
		09ED5FAB1BDB019900A58F13 /* jumpButton.png in Resources */ = {isa = PBXBuildFile; fileRef = 09ED5F741BDB019900A58F13 /* jumpButton.png */; };
		09ED5FAC1BDB019900A58F13 /* metalCity.png in Resources */ = {isa = PBXBuildFile; fileRef = 09ED5F751BDB019900A58F13 /* metalCity.png */; };
		09ED5FAD1BDB019900A58F13 /* pauseCity.png in Resources */ = {isa = PBXBuildFile; fileRef = 09ED5F761BDB019900A58F13 /* pauseCity.png */; };
		09ED5FAE1BDB019900A58F13 /* shootingButton.png in Resources */ = {isa = PBXBuildFile; fileRef = 09ED5F771BDB019900A58F13 /* shootingButton.png */; };
		09ED5FAF1BDB019900A58F13 /* slot.png in Resources */ = {isa = PBXBuildFile; fileRef = 09ED5F781BDB019900A58F13 /* slot.png */; };
		09ED5FB01BDB019900A58F13 /* lifeCity1.png in Resources */ = {isa = PBXBuildFile; fileRef = 09ED5F7A1BDB019900A58F13 /* lifeCity1.png */; };
		09ED5FB11BDB019900A58F13 /* lifeCity2.png in Resources */ = {isa = PBXBuildFile; fileRef = 09ED5F7B1BDB019900A58F13 /* lifeCity2.png */; };
		09ED5FB21BDB019900A58F13 /* lifeCity3.png in Resources */ = {isa = PBXBuildFile; fileRef = 09ED5F7C1BDB019900A58F13 /* lifeCity3.png */; };
		09ED5FB31BDB019900A58F13 /* lifeCity4.png in Resources */ = {isa = PBXBuildFile; fileRef = 09ED5F7D1BDB019900A58F13 /* lifeCity4.png */; };
		09ED5FB41BDB019900A58F13 /* lifeCity5.png in Resources */ = {isa = PBXBuildFile; fileRef = 09ED5F7E1BDB019900A58F13 /* lifeCity5.png */; };
		09ED5FB51BDB019900A58F13 /* cityButtonPlaceHolder.png in Resources */ = {isa = PBXBuildFile; fileRef = 09ED5F801BDB019900A58F13 /* cityButtonPlaceHolder.png */; };
		09ED5FB61BDB019900A58F13 /* headerBarLab.png in Resources */ = {isa = PBXBuildFile; fileRef = 09ED5F821BDB019900A58F13 /* headerBarLab.png */; };
		09ED5FB71BDB019900A58F13 /* life1.png in Resources */ = {isa = PBXBuildFile; fileRef = 09ED5F841BDB019900A58F13 /* life1.png */; };
		09ED5FB81BDB019900A58F13 /* life2.png in Resources */ = {isa = PBXBuildFile; fileRef = 09ED5F851BDB019900A58F13 /* life2.png */; };
		09ED5FB91BDB019900A58F13 /* life3.png in Resources */ = {isa = PBXBuildFile; fileRef = 09ED5F861BDB019900A58F13 /* life3.png */; };
		09ED5FBA1BDB019900A58F13 /* life4.png in Resources */ = {isa = PBXBuildFile; fileRef = 09ED5F871BDB019900A58F13 /* life4.png */; };
		09ED5FBB1BDB019900A58F13 /* life5.png in Resources */ = {isa = PBXBuildFile; fileRef = 09ED5F881BDB019900A58F13 /* life5.png */; };
		09ED5FBC1BDB019900A58F13 /* resourcesLabImages.png in Resources */ = {isa = PBXBuildFile; fileRef = 09ED5F891BDB019900A58F13 /* resourcesLabImages.png */; };
		09ED5FBD1BDB019900A58F13 /* 1.png in Resources */ = {isa = PBXBuildFile; fileRef = 09ED5F8B1BDB019900A58F13 /* 1.png */; };
		09ED5FBE1BDB019900A58F13 /* backgroundCityPlaceholder.png in Resources */ = {isa = PBXBuildFile; fileRef = 09ED5F8C1BDB019900A58F13 /* backgroundCityPlaceholder.png */; };
		09ED5FBF1BDB019900A58F13 /* backgroundLabTest.png in Resources */ = {isa = PBXBuildFile; fileRef = 09ED5F8D1BDB019900A58F13 /* backgroundLabTest.png */; };
		09ED5FC01BDB019900A58F13 /* Ground.png in Resources */ = {isa = PBXBuildFile; fileRef = 09ED5F8E1BDB019900A58F13 /* Ground.png */; };
		09ED5FC11BDB019900A58F13 /* placeHolderMesa.png in Resources */ = {isa = PBXBuildFile; fileRef = 09ED5F901BDB019900A58F13 /* placeHolderMesa.png */; };
		09ED5FC21BDB019900A58F13 /* placeHolderMesaArmas.png in Resources */ = {isa = PBXBuildFile; fileRef = 09ED5F911BDB019900A58F13 /* placeHolderMesaArmas.png */; };
		09ED5FC31BDB019900A58F13 /* placeHolderPC.png in Resources */ = {isa = PBXBuildFile; fileRef = 09ED5F921BDB019900A58F13 /* placeHolderPC.png */; };
		09ED5FC41BDB019900A58F13 /* placeHolderTreinamento.png in Resources */ = {isa = PBXBuildFile; fileRef = 09ED5F931BDB019900A58F13 /* placeHolderTreinamento.png */; };
		09ED5FC51BDB019900A58F13 /* placeHolderTV.png in Resources */ = {isa = PBXBuildFile; fileRef = 09ED5F941BDB019900A58F13 /* placeHolderTV.png */; };
		09ED5FC61BDB019900A58F13 /* tapHereButton.png in Resources */ = {isa = PBXBuildFile; fileRef = 09ED5F951BDB019900A58F13 /* tapHereButton.png */; };
		09ED5FC71BDB019900A58F13 /* placeHolderAgent.png in Resources */ = {isa = PBXBuildFile; fileRef = 09ED5F961BDB019900A58F13 /* placeHolderAgent.png */; };
		09ED5FFB1BDB13DA00A58F13 /* pernasPulando1.png in Resources */ = {isa = PBXBuildFile; fileRef = 09ED5FEB1BDB13DA00A58F13 /* pernasPulando1.png */; };
		09ED5FFC1BDB13DA00A58F13 /* pernasPulando2.png in Resources */ = {isa = PBXBuildFile; fileRef = 09ED5FEC1BDB13DA00A58F13 /* pernasPulando2.png */; };
		09ED5FFD1BDB13DA00A58F13 /* pernasPulando3.png in Resources */ = {isa = PBXBuildFile; fileRef = 09ED5FED1BDB13DA00A58F13 /* pernasPulando3.png */; };
		09ED5FFE1BDB13DA00A58F13 /* pernasPulando4.png in Resources */ = {isa = PBXBuildFile; fileRef = 09ED5FEE1BDB13DA00A58F13 /* pernasPulando4.png */; };
		09ED5FFF1BDB13DA00A58F13 /* pernasPulando5.png in Resources */ = {isa = PBXBuildFile; fileRef = 09ED5FEF1BDB13DA00A58F13 /* pernasPulando5.png */; };
		09ED60001BDB13DA00A58F13 /* pernasPulando6.png in Resources */ = {isa = PBXBuildFile; fileRef = 09ED5FF01BDB13DA00A58F13 /* pernasPulando6.png */; };
		09ED60011BDB13DA00A58F13 /* pernasPulando7.png in Resources */ = {isa = PBXBuildFile; fileRef = 09ED5FF11BDB13DA00A58F13 /* pernasPulando7.png */; };
		09ED60021BDB13DA00A58F13 /* pernasPulando8.png in Resources */ = {isa = PBXBuildFile; fileRef = 09ED5FF21BDB13DA00A58F13 /* pernasPulando8.png */; };
		09ED60031BDB13DA00A58F13 /* troncoPulando1.png in Resources */ = {isa = PBXBuildFile; fileRef = 09ED5FF31BDB13DA00A58F13 /* troncoPulando1.png */; };
		09ED60041BDB13DA00A58F13 /* troncoPulando2.png in Resources */ = {isa = PBXBuildFile; fileRef = 09ED5FF41BDB13DA00A58F13 /* troncoPulando2.png */; };
		09ED60051BDB13DA00A58F13 /* troncoPulando3.png in Resources */ = {isa = PBXBuildFile; fileRef = 09ED5FF51BDB13DA00A58F13 /* troncoPulando3.png */; };
		09ED60061BDB13DA00A58F13 /* troncoPulando4.png in Resources */ = {isa = PBXBuildFile; fileRef = 09ED5FF61BDB13DA00A58F13 /* troncoPulando4.png */; };
		09ED60071BDB13DA00A58F13 /* troncoPulando5.png in Resources */ = {isa = PBXBuildFile; fileRef = 09ED5FF71BDB13DA00A58F13 /* troncoPulando5.png */; };
		09ED60081BDB13DA00A58F13 /* troncoPulando6.png in Resources */ = {isa = PBXBuildFile; fileRef = 09ED5FF81BDB13DA00A58F13 /* troncoPulando6.png */; };
		09ED60091BDB13DA00A58F13 /* troncoPulando7.png in Resources */ = {isa = PBXBuildFile; fileRef = 09ED5FF91BDB13DA00A58F13 /* troncoPulando7.png */; };
		09ED600A1BDB13DA00A58F13 /* troncoPulando8.png in Resources */ = {isa = PBXBuildFile; fileRef = 09ED5FFA1BDB13DA00A58F13 /* troncoPulando8.png */; };
		6B2D98BC1BB1C6E7005B342E /* Main.storyboard in Resources */ = {isa = PBXBuildFile; fileRef = 6B2D98BA1BB1C6E7005B342E /* Main.storyboard */; };
		6B2D98BE1BB1C6E7005B342E /* Images.xcassets in Resources */ = {isa = PBXBuildFile; fileRef = 6B2D98BD1BB1C6E7005B342E /* Images.xcassets */; };
		6B2D98C11BB1C6E7005B342E /* LaunchScreen.xib in Resources */ = {isa = PBXBuildFile; fileRef = 6B2D98BF1BB1C6E7005B342E /* LaunchScreen.xib */; };
		6B2D98CD1BB1C6E8005B342E /* Agent_31Tests.swift in Sources */ = {isa = PBXBuildFile; fileRef = 6B2D98CC1BB1C6E8005B342E /* Agent_31Tests.swift */; };
		6B53A7121BDA9FCD002E7808 /* Agent.swift in Sources */ = {isa = PBXBuildFile; fileRef = 6B53A6EE1BDA9FCD002E7808 /* Agent.swift */; };
		6B53A7141BDA9FCD002E7808 /* AppDelegate.swift in Sources */ = {isa = PBXBuildFile; fileRef = 6B53A6F01BDA9FCD002E7808 /* AppDelegate.swift */; };
		6B53A7151BDA9FCD002E7808 /* Backpack.swift in Sources */ = {isa = PBXBuildFile; fileRef = 6B53A6F11BDA9FCD002E7808 /* Backpack.swift */; };
		6B53A7161BDA9FCD002E7808 /* Buildings.swift in Sources */ = {isa = PBXBuildFile; fileRef = 6B53A6F21BDA9FCD002E7808 /* Buildings.swift */; };
		6B53A7171BDA9FCD002E7808 /* Character.swift in Sources */ = {isa = PBXBuildFile; fileRef = 6B53A6F31BDA9FCD002E7808 /* Character.swift */; };
		6B53A7181BDA9FCD002E7808 /* CityBackgroundLayer.swift in Sources */ = {isa = PBXBuildFile; fileRef = 6B53A6F41BDA9FCD002E7808 /* CityBackgroundLayer.swift */; };
		6B53A7191BDA9FCD002E7808 /* CityGameLayer.swift in Sources */ = {isa = PBXBuildFile; fileRef = 6B53A6F51BDA9FCD002E7808 /* CityGameLayer.swift */; };
		6B53A71A1BDA9FCD002E7808 /* CityHudLayer.swift in Sources */ = {isa = PBXBuildFile; fileRef = 6B53A6F61BDA9FCD002E7808 /* CityHudLayer.swift */; };
		6B53A71B1BDA9FCD002E7808 /* CityScene.swift in Sources */ = {isa = PBXBuildFile; fileRef = 6B53A6F71BDA9FCD002E7808 /* CityScene.swift */; };
		6B53A71C1BDA9FCD002E7808 /* Computer.swift in Sources */ = {isa = PBXBuildFile; fileRef = 6B53A6F81BDA9FCD002E7808 /* Computer.swift */; };
		6B53A71D1BDA9FCD002E7808 /* ComputerLayer.swift in Sources */ = {isa = PBXBuildFile; fileRef = 6B53A6F91BDA9FCD002E7808 /* ComputerLayer.swift */; };
		6B53A71E1BDA9FCD002E7808 /* Desk.swift in Sources */ = {isa = PBXBuildFile; fileRef = 6B53A6FA1BDA9FCD002E7808 /* Desk.swift */; };
		6B53A71F1BDA9FCD002E7808 /* DeskLayer.swift in Sources */ = {isa = PBXBuildFile; fileRef = 6B53A6FB1BDA9FCD002E7808 /* DeskLayer.swift */; };
		6B53A7201BDA9FCD002E7808 /* GameData.swift in Sources */ = {isa = PBXBuildFile; fileRef = 6B53A6FC1BDA9FCD002E7808 /* GameData.swift */; };
		6B53A7211BDA9FCD002E7808 /* GameObject.swift in Sources */ = {isa = PBXBuildFile; fileRef = 6B53A6FD1BDA9FCD002E7808 /* GameObject.swift */; };
		6B53A7221BDA9FCD002E7808 /* GameScene.sks in Resources */ = {isa = PBXBuildFile; fileRef = 6B53A6FE1BDA9FCD002E7808 /* GameScene.sks */; };
		6B53A7231BDA9FCD002E7808 /* GameViewController.swift in Sources */ = {isa = PBXBuildFile; fileRef = 6B53A6FF1BDA9FCD002E7808 /* GameViewController.swift */; };
		6B53A7241BDA9FCD002E7808 /* GeneralEnemy.swift in Sources */ = {isa = PBXBuildFile; fileRef = 6B53A7001BDA9FCD002E7808 /* GeneralEnemy.swift */; };
		6B53A7251BDA9FCD002E7808 /* Ground.swift in Sources */ = {isa = PBXBuildFile; fileRef = 6B53A7011BDA9FCD002E7808 /* Ground.swift */; };
		6B53A7261BDA9FCD002E7808 /* GunDevelopmentCenter.swift in Sources */ = {isa = PBXBuildFile; fileRef = 6B53A7021BDA9FCD002E7808 /* GunDevelopmentCenter.swift */; };
		6B53A7271BDA9FCD002E7808 /* GunDevelopmentCenterLayer.swift in Sources */ = {isa = PBXBuildFile; fileRef = 6B53A7031BDA9FCD002E7808 /* GunDevelopmentCenterLayer.swift */; };
		6B53A7291BDA9FCD002E7808 /* LaboratoryBackgroundLayer.swift in Sources */ = {isa = PBXBuildFile; fileRef = 6B53A7051BDA9FCD002E7808 /* LaboratoryBackgroundLayer.swift */; };
		6B53A72A1BDA9FCD002E7808 /* LaboratoryGameLayer.swift in Sources */ = {isa = PBXBuildFile; fileRef = 6B53A7061BDA9FCD002E7808 /* LaboratoryGameLayer.swift */; };
		6B53A72B1BDA9FCD002E7808 /* LaboratoryHudLayer.swift in Sources */ = {isa = PBXBuildFile; fileRef = 6B53A7071BDA9FCD002E7808 /* LaboratoryHudLayer.swift */; };
		6B53A72C1BDA9FCD002E7808 /* LaboratoryScene.swift in Sources */ = {isa = PBXBuildFile; fileRef = 6B53A7081BDA9FCD002E7808 /* LaboratoryScene.swift */; };
		6B53A72D1BDA9FCD002E7808 /* Obstacles.swift in Sources */ = {isa = PBXBuildFile; fileRef = 6B53A7091BDA9FCD002E7808 /* Obstacles.swift */; };
		6B53A72E1BDA9FCD002E7808 /* PauseLayer.swift in Sources */ = {isa = PBXBuildFile; fileRef = 6B53A70A1BDA9FCD002E7808 /* PauseLayer.swift */; };
		6B53A72F1BDA9FCD002E7808 /* PhysicsCategories.swift in Sources */ = {isa = PBXBuildFile; fileRef = 6B53A70B1BDA9FCD002E7808 /* PhysicsCategories.swift */; };
		6B53A7301BDA9FCD002E7808 /* SKGeneral.swift in Sources */ = {isa = PBXBuildFile; fileRef = 6B53A70C1BDA9FCD002E7808 /* SKGeneral.swift */; };
		6B53A7311BDA9FCD002E7808 /* Television.swift in Sources */ = {isa = PBXBuildFile; fileRef = 6B53A70D1BDA9FCD002E7808 /* Television.swift */; };
		6B53A7321BDA9FCD002E7808 /* TelevisionLayer.swift in Sources */ = {isa = PBXBuildFile; fileRef = 6B53A70E1BDA9FCD002E7808 /* TelevisionLayer.swift */; };
		6B53A7331BDA9FCD002E7808 /* TrainingCenter.swift in Sources */ = {isa = PBXBuildFile; fileRef = 6B53A70F1BDA9FCD002E7808 /* TrainingCenter.swift */; };
		6B53A7341BDA9FCD002E7808 /* TrainingCenterLayer.swift in Sources */ = {isa = PBXBuildFile; fileRef = 6B53A7101BDA9FCD002E7808 /* TrainingCenterLayer.swift */; };
		6B53A7351BDA9FCD002E7808 /* Watch.swift in Sources */ = {isa = PBXBuildFile; fileRef = 6B53A7111BDA9FCD002E7808 /* Watch.swift */; };
		6B9FBFDE1BDAAE3B00ED08C3 /* AnalogStick.swift in Sources */ = {isa = PBXBuildFile; fileRef = 6B9FBFDD1BDAAE3B00ED08C3 /* AnalogStick.swift */; };
/* End PBXBuildFile section */

/* Begin PBXContainerItemProxy section */
		6B2D98C71BB1C6E8005B342E /* PBXContainerItemProxy */ = {
			isa = PBXContainerItemProxy;
			containerPortal = 6B2D98A51BB1C6E7005B342E /* Project object */;
			proxyType = 1;
			remoteGlobalIDString = 6B2D98AC1BB1C6E7005B342E;
			remoteInfo = "Agent 31";
		};
/* End PBXContainerItemProxy section */

/* Begin PBXFileReference section */
		09ED5F561BDB019900A58F13 /* analogBg.png */ = {isa = PBXFileReference; lastKnownFileType = image.png; path = analogBg.png; sourceTree = "<group>"; };
		09ED5F571BDB019900A58F13 /* analogBtn.png */ = {isa = PBXFileReference; lastKnownFileType = image.png; path = analogBtn.png; sourceTree = "<group>"; };
		09ED5F5B1BDB019900A58F13 /* GotHitAgent1.png */ = {isa = PBXFileReference; lastKnownFileType = image.png; path = GotHitAgent1.png; sourceTree = "<group>"; };
		09ED5F5D1BDB019900A58F13 /* idleAgent1.png */ = {isa = PBXFileReference; lastKnownFileType = image.png; path = idleAgent1.png; sourceTree = "<group>"; };
		09ED5F5E1BDB019900A58F13 /* idleAgent2.png */ = {isa = PBXFileReference; lastKnownFileType = image.png; path = idleAgent2.png; sourceTree = "<group>"; };
		09ED5F601BDB019900A58F13 /* jumpAgent1.png */ = {isa = PBXFileReference; lastKnownFileType = image.png; path = jumpAgent1.png; sourceTree = "<group>"; };
		09ED5F611BDB019900A58F13 /* jumpAgent2.png */ = {isa = PBXFileReference; lastKnownFileType = image.png; path = jumpAgent2.png; sourceTree = "<group>"; };
		09ED5F631BDB019900A58F13 /* RunningAgent1.png */ = {isa = PBXFileReference; lastKnownFileType = image.png; path = RunningAgent1.png; sourceTree = "<group>"; };
		09ED5F641BDB019900A58F13 /* RunningAgent2.png */ = {isa = PBXFileReference; lastKnownFileType = image.png; path = RunningAgent2.png; sourceTree = "<group>"; };
		09ED5F651BDB019900A58F13 /* RunningAgent3.png */ = {isa = PBXFileReference; lastKnownFileType = image.png; path = RunningAgent3.png; sourceTree = "<group>"; };
		09ED5F661BDB019900A58F13 /* RunningAgent4.png */ = {isa = PBXFileReference; lastKnownFileType = image.png; path = RunningAgent4.png; sourceTree = "<group>"; };
		09ED5F671BDB019900A58F13 /* RunningAgent5.png */ = {isa = PBXFileReference; lastKnownFileType = image.png; path = RunningAgent5.png; sourceTree = "<group>"; };
		09ED5F681BDB019900A58F13 /* RunningAgent6.png */ = {isa = PBXFileReference; lastKnownFileType = image.png; path = RunningAgent6.png; sourceTree = "<group>"; };
		09ED5F6B1BDB019900A58F13 /* pernasParado1.png */ = {isa = PBXFileReference; lastKnownFileType = image.png; path = pernasParado1.png; sourceTree = "<group>"; };
		09ED5F6C1BDB019900A58F13 /* troncoParado1.png */ = {isa = PBXFileReference; lastKnownFileType = image.png; path = troncoParado1.png; sourceTree = "<group>"; };
		09ED5F6D1BDB019900A58F13 /* troncoParado2.png */ = {isa = PBXFileReference; lastKnownFileType = image.png; path = troncoParado2.png; sourceTree = "<group>"; };
		09ED5F6E1BDB019900A58F13 /* troncoParado3.png */ = {isa = PBXFileReference; lastKnownFileType = image.png; path = troncoParado3.png; sourceTree = "<group>"; };
		09ED5F6F1BDB019900A58F13 /* troncoParado4.png */ = {isa = PBXFileReference; lastKnownFileType = image.png; path = troncoParado4.png; sourceTree = "<group>"; };
		09ED5F721BDB019900A58F13 /* coinCity.png */ = {isa = PBXFileReference; lastKnownFileType = image.png; path = coinCity.png; sourceTree = "<group>"; };
		09ED5F731BDB019900A58F13 /* diamondCity.png */ = {isa = PBXFileReference; lastKnownFileType = image.png; path = diamondCity.png; sourceTree = "<group>"; };
		09ED5F741BDB019900A58F13 /* jumpButton.png */ = {isa = PBXFileReference; lastKnownFileType = image.png; path = jumpButton.png; sourceTree = "<group>"; };
		09ED5F751BDB019900A58F13 /* metalCity.png */ = {isa = PBXFileReference; lastKnownFileType = image.png; path = metalCity.png; sourceTree = "<group>"; };
		09ED5F761BDB019900A58F13 /* pauseCity.png */ = {isa = PBXFileReference; lastKnownFileType = image.png; path = pauseCity.png; sourceTree = "<group>"; };
		09ED5F771BDB019900A58F13 /* shootingButton.png */ = {isa = PBXFileReference; lastKnownFileType = image.png; path = shootingButton.png; sourceTree = "<group>"; };
		09ED5F781BDB019900A58F13 /* slot.png */ = {isa = PBXFileReference; lastKnownFileType = image.png; path = slot.png; sourceTree = "<group>"; };
		09ED5F7A1BDB019900A58F13 /* lifeCity1.png */ = {isa = PBXFileReference; lastKnownFileType = image.png; path = lifeCity1.png; sourceTree = "<group>"; };
		09ED5F7B1BDB019900A58F13 /* lifeCity2.png */ = {isa = PBXFileReference; lastKnownFileType = image.png; path = lifeCity2.png; sourceTree = "<group>"; };
		09ED5F7C1BDB019900A58F13 /* lifeCity3.png */ = {isa = PBXFileReference; lastKnownFileType = image.png; path = lifeCity3.png; sourceTree = "<group>"; };
		09ED5F7D1BDB019900A58F13 /* lifeCity4.png */ = {isa = PBXFileReference; lastKnownFileType = image.png; path = lifeCity4.png; sourceTree = "<group>"; };
		09ED5F7E1BDB019900A58F13 /* lifeCity5.png */ = {isa = PBXFileReference; lastKnownFileType = image.png; path = lifeCity5.png; sourceTree = "<group>"; };
		09ED5F801BDB019900A58F13 /* cityButtonPlaceHolder.png */ = {isa = PBXFileReference; lastKnownFileType = image.png; path = cityButtonPlaceHolder.png; sourceTree = "<group>"; };
		09ED5F821BDB019900A58F13 /* headerBarLab.png */ = {isa = PBXFileReference; lastKnownFileType = image.png; path = headerBarLab.png; sourceTree = "<group>"; };
		09ED5F841BDB019900A58F13 /* life1.png */ = {isa = PBXFileReference; lastKnownFileType = image.png; path = life1.png; sourceTree = "<group>"; };
		09ED5F851BDB019900A58F13 /* life2.png */ = {isa = PBXFileReference; lastKnownFileType = image.png; path = life2.png; sourceTree = "<group>"; };
		09ED5F861BDB019900A58F13 /* life3.png */ = {isa = PBXFileReference; lastKnownFileType = image.png; path = life3.png; sourceTree = "<group>"; };
		09ED5F871BDB019900A58F13 /* life4.png */ = {isa = PBXFileReference; lastKnownFileType = image.png; path = life4.png; sourceTree = "<group>"; };
		09ED5F881BDB019900A58F13 /* life5.png */ = {isa = PBXFileReference; lastKnownFileType = image.png; path = life5.png; sourceTree = "<group>"; };
		09ED5F891BDB019900A58F13 /* resourcesLabImages.png */ = {isa = PBXFileReference; lastKnownFileType = image.png; path = resourcesLabImages.png; sourceTree = "<group>"; };
		09ED5F8B1BDB019900A58F13 /* 1.png */ = {isa = PBXFileReference; lastKnownFileType = image.png; path = 1.png; sourceTree = "<group>"; };
		09ED5F8C1BDB019900A58F13 /* backgroundCityPlaceholder.png */ = {isa = PBXFileReference; lastKnownFileType = image.png; path = backgroundCityPlaceholder.png; sourceTree = "<group>"; };
		09ED5F8D1BDB019900A58F13 /* backgroundLabTest.png */ = {isa = PBXFileReference; lastKnownFileType = image.png; path = backgroundLabTest.png; sourceTree = "<group>"; };
		09ED5F8E1BDB019900A58F13 /* Ground.png */ = {isa = PBXFileReference; lastKnownFileType = image.png; path = Ground.png; sourceTree = "<group>"; };
		09ED5F901BDB019900A58F13 /* placeHolderMesa.png */ = {isa = PBXFileReference; lastKnownFileType = image.png; path = placeHolderMesa.png; sourceTree = "<group>"; };
		09ED5F911BDB019900A58F13 /* placeHolderMesaArmas.png */ = {isa = PBXFileReference; lastKnownFileType = image.png; path = placeHolderMesaArmas.png; sourceTree = "<group>"; };
		09ED5F921BDB019900A58F13 /* placeHolderPC.png */ = {isa = PBXFileReference; lastKnownFileType = image.png; path = placeHolderPC.png; sourceTree = "<group>"; };
		09ED5F931BDB019900A58F13 /* placeHolderTreinamento.png */ = {isa = PBXFileReference; lastKnownFileType = image.png; path = placeHolderTreinamento.png; sourceTree = "<group>"; };
		09ED5F941BDB019900A58F13 /* placeHolderTV.png */ = {isa = PBXFileReference; lastKnownFileType = image.png; path = placeHolderTV.png; sourceTree = "<group>"; };
		09ED5F951BDB019900A58F13 /* tapHereButton.png */ = {isa = PBXFileReference; lastKnownFileType = image.png; path = tapHereButton.png; sourceTree = "<group>"; };
		09ED5F961BDB019900A58F13 /* placeHolderAgent.png */ = {isa = PBXFileReference; lastKnownFileType = image.png; path = placeHolderAgent.png; sourceTree = "<group>"; };
		09ED5FEB1BDB13DA00A58F13 /* pernasPulando1.png */ = {isa = PBXFileReference; lastKnownFileType = image.png; path = pernasPulando1.png; sourceTree = "<group>"; };
		09ED5FEC1BDB13DA00A58F13 /* pernasPulando2.png */ = {isa = PBXFileReference; lastKnownFileType = image.png; path = pernasPulando2.png; sourceTree = "<group>"; };
		09ED5FED1BDB13DA00A58F13 /* pernasPulando3.png */ = {isa = PBXFileReference; lastKnownFileType = image.png; path = pernasPulando3.png; sourceTree = "<group>"; };
		09ED5FEE1BDB13DA00A58F13 /* pernasPulando4.png */ = {isa = PBXFileReference; lastKnownFileType = image.png; path = pernasPulando4.png; sourceTree = "<group>"; };
		09ED5FEF1BDB13DA00A58F13 /* pernasPulando5.png */ = {isa = PBXFileReference; lastKnownFileType = image.png; path = pernasPulando5.png; sourceTree = "<group>"; };
		09ED5FF01BDB13DA00A58F13 /* pernasPulando6.png */ = {isa = PBXFileReference; lastKnownFileType = image.png; path = pernasPulando6.png; sourceTree = "<group>"; };
		09ED5FF11BDB13DA00A58F13 /* pernasPulando7.png */ = {isa = PBXFileReference; lastKnownFileType = image.png; path = pernasPulando7.png; sourceTree = "<group>"; };
		09ED5FF21BDB13DA00A58F13 /* pernasPulando8.png */ = {isa = PBXFileReference; lastKnownFileType = image.png; path = pernasPulando8.png; sourceTree = "<group>"; };
		09ED5FF31BDB13DA00A58F13 /* troncoPulando1.png */ = {isa = PBXFileReference; lastKnownFileType = image.png; path = troncoPulando1.png; sourceTree = "<group>"; };
		09ED5FF41BDB13DA00A58F13 /* troncoPulando2.png */ = {isa = PBXFileReference; lastKnownFileType = image.png; path = troncoPulando2.png; sourceTree = "<group>"; };
		09ED5FF51BDB13DA00A58F13 /* troncoPulando3.png */ = {isa = PBXFileReference; lastKnownFileType = image.png; path = troncoPulando3.png; sourceTree = "<group>"; };
		09ED5FF61BDB13DA00A58F13 /* troncoPulando4.png */ = {isa = PBXFileReference; lastKnownFileType = image.png; path = troncoPulando4.png; sourceTree = "<group>"; };
		09ED5FF71BDB13DA00A58F13 /* troncoPulando5.png */ = {isa = PBXFileReference; lastKnownFileType = image.png; path = troncoPulando5.png; sourceTree = "<group>"; };
		09ED5FF81BDB13DA00A58F13 /* troncoPulando6.png */ = {isa = PBXFileReference; lastKnownFileType = image.png; path = troncoPulando6.png; sourceTree = "<group>"; };
		09ED5FF91BDB13DA00A58F13 /* troncoPulando7.png */ = {isa = PBXFileReference; lastKnownFileType = image.png; path = troncoPulando7.png; sourceTree = "<group>"; };
		09ED5FFA1BDB13DA00A58F13 /* troncoPulando8.png */ = {isa = PBXFileReference; lastKnownFileType = image.png; path = troncoPulando8.png; sourceTree = "<group>"; };
		6B2D98AD1BB1C6E7005B342E /* Agent 31.app */ = {isa = PBXFileReference; explicitFileType = wrapper.application; includeInIndex = 0; path = "Agent 31.app"; sourceTree = BUILT_PRODUCTS_DIR; };
		6B2D98BB1BB1C6E7005B342E /* Base */ = {isa = PBXFileReference; lastKnownFileType = file.storyboard; name = Base; path = Base.lproj/Main.storyboard; sourceTree = "<group>"; };
		6B2D98BD1BB1C6E7005B342E /* Images.xcassets */ = {isa = PBXFileReference; lastKnownFileType = folder.assetcatalog; path = Images.xcassets; sourceTree = "<group>"; };
		6B2D98C01BB1C6E7005B342E /* Base */ = {isa = PBXFileReference; lastKnownFileType = file.xib; name = Base; path = Base.lproj/LaunchScreen.xib; sourceTree = "<group>"; };
		6B2D98C61BB1C6E8005B342E /* Agent 31Tests.xctest */ = {isa = PBXFileReference; explicitFileType = wrapper.cfbundle; includeInIndex = 0; path = "Agent 31Tests.xctest"; sourceTree = BUILT_PRODUCTS_DIR; };
		6B2D98CB1BB1C6E8005B342E /* Info.plist */ = {isa = PBXFileReference; lastKnownFileType = text.plist.xml; path = Info.plist; sourceTree = "<group>"; };
		6B2D98CC1BB1C6E8005B342E /* Agent_31Tests.swift */ = {isa = PBXFileReference; lastKnownFileType = sourcecode.swift; path = Agent_31Tests.swift; sourceTree = "<group>"; };
		6B53A6EE1BDA9FCD002E7808 /* Agent.swift */ = {isa = PBXFileReference; fileEncoding = 4; lastKnownFileType = sourcecode.swift; path = Agent.swift; sourceTree = "<group>"; };
		6B53A6F01BDA9FCD002E7808 /* AppDelegate.swift */ = {isa = PBXFileReference; fileEncoding = 4; lastKnownFileType = sourcecode.swift; path = AppDelegate.swift; sourceTree = "<group>"; };
		6B53A6F11BDA9FCD002E7808 /* Backpack.swift */ = {isa = PBXFileReference; fileEncoding = 4; lastKnownFileType = sourcecode.swift; path = Backpack.swift; sourceTree = "<group>"; };
		6B53A6F21BDA9FCD002E7808 /* Buildings.swift */ = {isa = PBXFileReference; fileEncoding = 4; lastKnownFileType = sourcecode.swift; path = Buildings.swift; sourceTree = "<group>"; };
		6B53A6F31BDA9FCD002E7808 /* Character.swift */ = {isa = PBXFileReference; fileEncoding = 4; lastKnownFileType = sourcecode.swift; path = Character.swift; sourceTree = "<group>"; };
		6B53A6F41BDA9FCD002E7808 /* CityBackgroundLayer.swift */ = {isa = PBXFileReference; fileEncoding = 4; lastKnownFileType = sourcecode.swift; path = CityBackgroundLayer.swift; sourceTree = "<group>"; };
		6B53A6F51BDA9FCD002E7808 /* CityGameLayer.swift */ = {isa = PBXFileReference; fileEncoding = 4; lastKnownFileType = sourcecode.swift; path = CityGameLayer.swift; sourceTree = "<group>"; };
		6B53A6F61BDA9FCD002E7808 /* CityHudLayer.swift */ = {isa = PBXFileReference; fileEncoding = 4; lastKnownFileType = sourcecode.swift; path = CityHudLayer.swift; sourceTree = "<group>"; };
		6B53A6F71BDA9FCD002E7808 /* CityScene.swift */ = {isa = PBXFileReference; fileEncoding = 4; lastKnownFileType = sourcecode.swift; path = CityScene.swift; sourceTree = "<group>"; };
		6B53A6F81BDA9FCD002E7808 /* Computer.swift */ = {isa = PBXFileReference; fileEncoding = 4; lastKnownFileType = sourcecode.swift; path = Computer.swift; sourceTree = "<group>"; };
		6B53A6F91BDA9FCD002E7808 /* ComputerLayer.swift */ = {isa = PBXFileReference; fileEncoding = 4; lastKnownFileType = sourcecode.swift; path = ComputerLayer.swift; sourceTree = "<group>"; };
		6B53A6FA1BDA9FCD002E7808 /* Desk.swift */ = {isa = PBXFileReference; fileEncoding = 4; lastKnownFileType = sourcecode.swift; path = Desk.swift; sourceTree = "<group>"; };
		6B53A6FB1BDA9FCD002E7808 /* DeskLayer.swift */ = {isa = PBXFileReference; fileEncoding = 4; lastKnownFileType = sourcecode.swift; path = DeskLayer.swift; sourceTree = "<group>"; };
		6B53A6FC1BDA9FCD002E7808 /* GameData.swift */ = {isa = PBXFileReference; fileEncoding = 4; lastKnownFileType = sourcecode.swift; path = GameData.swift; sourceTree = "<group>"; };
		6B53A6FD1BDA9FCD002E7808 /* GameObject.swift */ = {isa = PBXFileReference; fileEncoding = 4; lastKnownFileType = sourcecode.swift; path = GameObject.swift; sourceTree = "<group>"; };
		6B53A6FE1BDA9FCD002E7808 /* GameScene.sks */ = {isa = PBXFileReference; lastKnownFileType = file.sks; path = GameScene.sks; sourceTree = "<group>"; };
		6B53A6FF1BDA9FCD002E7808 /* GameViewController.swift */ = {isa = PBXFileReference; fileEncoding = 4; lastKnownFileType = sourcecode.swift; path = GameViewController.swift; sourceTree = "<group>"; };
		6B53A7001BDA9FCD002E7808 /* GeneralEnemy.swift */ = {isa = PBXFileReference; fileEncoding = 4; lastKnownFileType = sourcecode.swift; path = GeneralEnemy.swift; sourceTree = "<group>"; };
		6B53A7011BDA9FCD002E7808 /* Ground.swift */ = {isa = PBXFileReference; fileEncoding = 4; lastKnownFileType = sourcecode.swift; path = Ground.swift; sourceTree = "<group>"; };
		6B53A7021BDA9FCD002E7808 /* GunDevelopmentCenter.swift */ = {isa = PBXFileReference; fileEncoding = 4; lastKnownFileType = sourcecode.swift; path = GunDevelopmentCenter.swift; sourceTree = "<group>"; };
		6B53A7031BDA9FCD002E7808 /* GunDevelopmentCenterLayer.swift */ = {isa = PBXFileReference; fileEncoding = 4; lastKnownFileType = sourcecode.swift; path = GunDevelopmentCenterLayer.swift; sourceTree = "<group>"; };
		6B53A7041BDA9FCD002E7808 /* Info.plist */ = {isa = PBXFileReference; fileEncoding = 4; lastKnownFileType = text.plist.xml; path = Info.plist; sourceTree = "<group>"; };
		6B53A7051BDA9FCD002E7808 /* LaboratoryBackgroundLayer.swift */ = {isa = PBXFileReference; fileEncoding = 4; lastKnownFileType = sourcecode.swift; path = LaboratoryBackgroundLayer.swift; sourceTree = "<group>"; };
		6B53A7061BDA9FCD002E7808 /* LaboratoryGameLayer.swift */ = {isa = PBXFileReference; fileEncoding = 4; lastKnownFileType = sourcecode.swift; path = LaboratoryGameLayer.swift; sourceTree = "<group>"; };
		6B53A7071BDA9FCD002E7808 /* LaboratoryHudLayer.swift */ = {isa = PBXFileReference; fileEncoding = 4; lastKnownFileType = sourcecode.swift; path = LaboratoryHudLayer.swift; sourceTree = "<group>"; };
		6B53A7081BDA9FCD002E7808 /* LaboratoryScene.swift */ = {isa = PBXFileReference; fileEncoding = 4; lastKnownFileType = sourcecode.swift; path = LaboratoryScene.swift; sourceTree = "<group>"; };
		6B53A7091BDA9FCD002E7808 /* Obstacles.swift */ = {isa = PBXFileReference; fileEncoding = 4; lastKnownFileType = sourcecode.swift; path = Obstacles.swift; sourceTree = "<group>"; };
		6B53A70A1BDA9FCD002E7808 /* PauseLayer.swift */ = {isa = PBXFileReference; fileEncoding = 4; lastKnownFileType = sourcecode.swift; path = PauseLayer.swift; sourceTree = "<group>"; };
		6B53A70B1BDA9FCD002E7808 /* PhysicsCategories.swift */ = {isa = PBXFileReference; fileEncoding = 4; lastKnownFileType = sourcecode.swift; path = PhysicsCategories.swift; sourceTree = "<group>"; };
		6B53A70C1BDA9FCD002E7808 /* SKGeneral.swift */ = {isa = PBXFileReference; fileEncoding = 4; lastKnownFileType = sourcecode.swift; path = SKGeneral.swift; sourceTree = "<group>"; };
		6B53A70D1BDA9FCD002E7808 /* Television.swift */ = {isa = PBXFileReference; fileEncoding = 4; lastKnownFileType = sourcecode.swift; path = Television.swift; sourceTree = "<group>"; };
		6B53A70E1BDA9FCD002E7808 /* TelevisionLayer.swift */ = {isa = PBXFileReference; fileEncoding = 4; lastKnownFileType = sourcecode.swift; path = TelevisionLayer.swift; sourceTree = "<group>"; };
		6B53A70F1BDA9FCD002E7808 /* TrainingCenter.swift */ = {isa = PBXFileReference; fileEncoding = 4; lastKnownFileType = sourcecode.swift; path = TrainingCenter.swift; sourceTree = "<group>"; };
		6B53A7101BDA9FCD002E7808 /* TrainingCenterLayer.swift */ = {isa = PBXFileReference; fileEncoding = 4; lastKnownFileType = sourcecode.swift; path = TrainingCenterLayer.swift; sourceTree = "<group>"; };
		6B53A7111BDA9FCD002E7808 /* Watch.swift */ = {isa = PBXFileReference; fileEncoding = 4; lastKnownFileType = sourcecode.swift; path = Watch.swift; sourceTree = "<group>"; };
		6B9FBFDD1BDAAE3B00ED08C3 /* AnalogStick.swift */ = {isa = PBXFileReference; fileEncoding = 4; lastKnownFileType = sourcecode.swift; path = AnalogStick.swift; sourceTree = "<group>"; };
/* End PBXFileReference section */

/* Begin PBXFrameworksBuildPhase section */
		6B2D98AA1BB1C6E7005B342E /* Frameworks */ = {
			isa = PBXFrameworksBuildPhase;
			buildActionMask = 2147483647;
			files = (
			);
			runOnlyForDeploymentPostprocessing = 0;
		};
		6B2D98C31BB1C6E8005B342E /* Frameworks */ = {
			isa = PBXFrameworksBuildPhase;
			buildActionMask = 2147483647;
			files = (
			);
			runOnlyForDeploymentPostprocessing = 0;
		};
/* End PBXFrameworksBuildPhase section */

/* Begin PBXGroup section */
		09ED5F541BDB019900A58F13 /* Images */ = {
			isa = PBXGroup;
			children = (
				09ED5F551BDB019900A58F13 /* Analog */,
				09ED5F581BDB019900A58F13 /* Character */,
				09ED5F701BDB019900A58F13 /* City */,
				09ED5F7F1BDB019900A58F13 /* Laboratory */,
				09ED5F8A1BDB019900A58F13 /* Placeholders */,
			);
			path = Images;
			sourceTree = "<group>";
		};
		09ED5F551BDB019900A58F13 /* Analog */ = {
			isa = PBXGroup;
			children = (
				09ED5F561BDB019900A58F13 /* analogBg.png */,
				09ED5F571BDB019900A58F13 /* analogBtn.png */,
			);
			path = Analog;
			sourceTree = "<group>";
		};
		09ED5F581BDB019900A58F13 /* Character */ = {
			isa = PBXGroup;
			children = (
				09ED5F591BDB019900A58F13 /* Agent */,
				09ED5F691BDB019900A58F13 /* Braga */,
			);
			path = Character;
			sourceTree = "<group>";
		};
		09ED5F591BDB019900A58F13 /* Agent */ = {
			isa = PBXGroup;
			children = (
				09ED5F5A1BDB019900A58F13 /* GotHitAgent */,
				09ED5F5C1BDB019900A58F13 /* IdleAgent */,
				09ED5F5F1BDB019900A58F13 /* JumpAgent */,
				09ED5F621BDB019900A58F13 /* RunningAgent */,
			);
			path = Agent;
			sourceTree = "<group>";
		};
		09ED5F5A1BDB019900A58F13 /* GotHitAgent */ = {
			isa = PBXGroup;
			children = (
				09ED5F5B1BDB019900A58F13 /* GotHitAgent1.png */,
			);
			path = GotHitAgent;
			sourceTree = "<group>";
		};
		09ED5F5C1BDB019900A58F13 /* IdleAgent */ = {
			isa = PBXGroup;
			children = (
				09ED5F5D1BDB019900A58F13 /* idleAgent1.png */,
				09ED5F5E1BDB019900A58F13 /* idleAgent2.png */,
			);
			path = IdleAgent;
			sourceTree = "<group>";
		};
		09ED5F5F1BDB019900A58F13 /* JumpAgent */ = {
			isa = PBXGroup;
			children = (
				09ED5F601BDB019900A58F13 /* jumpAgent1.png */,
				09ED5F611BDB019900A58F13 /* jumpAgent2.png */,
			);
			path = JumpAgent;
			sourceTree = "<group>";
		};
		09ED5F621BDB019900A58F13 /* RunningAgent */ = {
			isa = PBXGroup;
			children = (
				09ED5F631BDB019900A58F13 /* RunningAgent1.png */,
				09ED5F641BDB019900A58F13 /* RunningAgent2.png */,
				09ED5F651BDB019900A58F13 /* RunningAgent3.png */,
				09ED5F661BDB019900A58F13 /* RunningAgent4.png */,
				09ED5F671BDB019900A58F13 /* RunningAgent5.png */,
				09ED5F681BDB019900A58F13 /* RunningAgent6.png */,
			);
			path = RunningAgent;
			sourceTree = "<group>";
		};
		09ED5F691BDB019900A58F13 /* Braga */ = {
			isa = PBXGroup;
			children = (
				09ED5FEA1BDB13DA00A58F13 /* Pulando */,
				09ED5F6A1BDB019900A58F13 /* Parado */,
			);
			path = Braga;
			sourceTree = "<group>";
		};
		09ED5F6A1BDB019900A58F13 /* Parado */ = {
			isa = PBXGroup;
			children = (
				09ED5F6B1BDB019900A58F13 /* pernasParado1.png */,
				09ED5F6C1BDB019900A58F13 /* troncoParado1.png */,
				09ED5F6D1BDB019900A58F13 /* troncoParado2.png */,
				09ED5F6E1BDB019900A58F13 /* troncoParado3.png */,
				09ED5F6F1BDB019900A58F13 /* troncoParado4.png */,
			);
			path = Parado;
			sourceTree = "<group>";
		};
		09ED5F701BDB019900A58F13 /* City */ = {
			isa = PBXGroup;
			children = (
				09ED5F711BDB019900A58F13 /* HudLayer */,
				09ED5F791BDB019900A58F13 /* LifeBar */,
			);
			path = City;
			sourceTree = "<group>";
		};
		09ED5F711BDB019900A58F13 /* HudLayer */ = {
			isa = PBXGroup;
			children = (
				09ED5F721BDB019900A58F13 /* coinCity.png */,
				09ED5F731BDB019900A58F13 /* diamondCity.png */,
				09ED5F741BDB019900A58F13 /* jumpButton.png */,
				09ED5F751BDB019900A58F13 /* metalCity.png */,
				09ED5F761BDB019900A58F13 /* pauseCity.png */,
				09ED5F771BDB019900A58F13 /* shootingButton.png */,
				09ED5F781BDB019900A58F13 /* slot.png */,
			);
			path = HudLayer;
			sourceTree = "<group>";
		};
		09ED5F791BDB019900A58F13 /* LifeBar */ = {
			isa = PBXGroup;
			children = (
				09ED5F7A1BDB019900A58F13 /* lifeCity1.png */,
				09ED5F7B1BDB019900A58F13 /* lifeCity2.png */,
				09ED5F7C1BDB019900A58F13 /* lifeCity3.png */,
				09ED5F7D1BDB019900A58F13 /* lifeCity4.png */,
				09ED5F7E1BDB019900A58F13 /* lifeCity5.png */,
			);
			path = LifeBar;
			sourceTree = "<group>";
		};
		09ED5F7F1BDB019900A58F13 /* Laboratory */ = {
			isa = PBXGroup;
			children = (
				09ED5F801BDB019900A58F13 /* cityButtonPlaceHolder.png */,
				09ED5F811BDB019900A58F13 /* HudLayer */,
			);
			path = Laboratory;
			sourceTree = "<group>";
		};
		09ED5F811BDB019900A58F13 /* HudLayer */ = {
			isa = PBXGroup;
			children = (
				09ED5F821BDB019900A58F13 /* headerBarLab.png */,
				09ED5F831BDB019900A58F13 /* LifeBar  */,
				09ED5F891BDB019900A58F13 /* resourcesLabImages.png */,
			);
			path = HudLayer;
			sourceTree = "<group>";
		};
		09ED5F831BDB019900A58F13 /* LifeBar  */ = {
			isa = PBXGroup;
			children = (
				09ED5F841BDB019900A58F13 /* life1.png */,
				09ED5F851BDB019900A58F13 /* life2.png */,
				09ED5F861BDB019900A58F13 /* life3.png */,
				09ED5F871BDB019900A58F13 /* life4.png */,
				09ED5F881BDB019900A58F13 /* life5.png */,
			);
			path = "LifeBar ";
			sourceTree = "<group>";
		};
		09ED5F8A1BDB019900A58F13 /* Placeholders */ = {
			isa = PBXGroup;
			children = (
				09ED5F8B1BDB019900A58F13 /* 1.png */,
				09ED5F8C1BDB019900A58F13 /* backgroundCityPlaceholder.png */,
				09ED5F8D1BDB019900A58F13 /* backgroundLabTest.png */,
				09ED5F8E1BDB019900A58F13 /* Ground.png */,
				09ED5F8F1BDB019900A58F13 /* ObjectsLab */,
				09ED5F961BDB019900A58F13 /* placeHolderAgent.png */,
			);
			path = Placeholders;
			sourceTree = "<group>";
		};
		09ED5F8F1BDB019900A58F13 /* ObjectsLab */ = {
			isa = PBXGroup;
			children = (
				09ED5F901BDB019900A58F13 /* placeHolderMesa.png */,
				09ED5F911BDB019900A58F13 /* placeHolderMesaArmas.png */,
				09ED5F921BDB019900A58F13 /* placeHolderPC.png */,
				09ED5F931BDB019900A58F13 /* placeHolderTreinamento.png */,
				09ED5F941BDB019900A58F13 /* placeHolderTV.png */,
				09ED5F951BDB019900A58F13 /* tapHereButton.png */,
			);
			path = ObjectsLab;
			sourceTree = "<group>";
		};
		09ED5FEA1BDB13DA00A58F13 /* Pulando */ = {
			isa = PBXGroup;
			children = (
				09ED5FEB1BDB13DA00A58F13 /* pernasPulando1.png */,
				09ED5FEC1BDB13DA00A58F13 /* pernasPulando2.png */,
				09ED5FED1BDB13DA00A58F13 /* pernasPulando3.png */,
				09ED5FEE1BDB13DA00A58F13 /* pernasPulando4.png */,
				09ED5FEF1BDB13DA00A58F13 /* pernasPulando5.png */,
				09ED5FF01BDB13DA00A58F13 /* pernasPulando6.png */,
				09ED5FF11BDB13DA00A58F13 /* pernasPulando7.png */,
				09ED5FF21BDB13DA00A58F13 /* pernasPulando8.png */,
				09ED5FF31BDB13DA00A58F13 /* troncoPulando1.png */,
				09ED5FF41BDB13DA00A58F13 /* troncoPulando2.png */,
				09ED5FF51BDB13DA00A58F13 /* troncoPulando3.png */,
				09ED5FF61BDB13DA00A58F13 /* troncoPulando4.png */,
				09ED5FF71BDB13DA00A58F13 /* troncoPulando5.png */,
				09ED5FF81BDB13DA00A58F13 /* troncoPulando6.png */,
				09ED5FF91BDB13DA00A58F13 /* troncoPulando7.png */,
				09ED5FFA1BDB13DA00A58F13 /* troncoPulando8.png */,
			);
			name = Pulando;
			path = Images/Character/Braga/Pulando;
			sourceTree = SOURCE_ROOT;
		};
		6B06CD811BD6A0B9009F38F4 /* Fonts */ = {
			isa = PBXGroup;
			children = (
			);
			name = Fonts;
			sourceTree = "<group>";
		};
		6B06CD821BD6A0C0009F38F4 /* Laboratory */ = {
			isa = PBXGroup;
			children = (
				6B27832B1BD6A875009628D8 /* LaboratoryLayers */,
				6B53A7081BDA9FCD002E7808 /* LaboratoryScene.swift */,
			);
			name = Laboratory;
			sourceTree = "<group>";
		};
		6B06CD831BD6A119009F38F4 /* City */ = {
			isa = PBXGroup;
			children = (
				6B53A6F71BDA9FCD002E7808 /* CityScene.swift */,
				6B2783481BD6ACFA009628D8 /* Objects */,
				6B27832A1BD6A86A009628D8 /* CityLayers */,
			);
			name = City;
			sourceTree = "<group>";
		};
		6B2783201BD6A792009628D8 /* Scenes */ = {
			isa = PBXGroup;
			children = (
				6B06CD831BD6A119009F38F4 /* City */,
				6B06CD821BD6A0C0009F38F4 /* Laboratory */,
			);
			name = Scenes;
			sourceTree = "<group>";
		};
		6B2783211BD6A7C5009628D8 /* GameData */ = {
			isa = PBXGroup;
			children = (
				6B53A6FC1BDA9FCD002E7808 /* GameData.swift */,
			);
			name = GameData;
			sourceTree = "<group>";
		};
		6B2783241BD6A800009628D8 /* Entities */ = {
			isa = PBXGroup;
			children = (
				6B53A6FD1BDA9FCD002E7808 /* GameObject.swift */,
				6B53A6F31BDA9FCD002E7808 /* Character.swift */,
				6B27833B1BD6AA9A009628D8 /* Agent */,
				6B2783451BD6AC58009628D8 /* Enemies */,
				6B2783441BD6AC3B009628D8 /* Analog Stick */,
			);
			name = Entities;
			sourceTree = "<group>";
		};
		6B27832A1BD6A86A009628D8 /* CityLayers */ = {
			isa = PBXGroup;
			children = (
				6B53A6F41BDA9FCD002E7808 /* CityBackgroundLayer.swift */,
				6B53A6F51BDA9FCD002E7808 /* CityGameLayer.swift */,
				6B53A6F61BDA9FCD002E7808 /* CityHudLayer.swift */,
				6B53A70A1BDA9FCD002E7808 /* PauseLayer.swift */,
			);
			name = CityLayers;
			sourceTree = "<group>";
		};
		6B27832B1BD6A875009628D8 /* LaboratoryLayers */ = {
			isa = PBXGroup;
			children = (
				6B2783321BD6A98B009628D8 /* Objects */,
				6B53A7051BDA9FCD002E7808 /* LaboratoryBackgroundLayer.swift */,
				6B53A7061BDA9FCD002E7808 /* LaboratoryGameLayer.swift */,
				6B53A7071BDA9FCD002E7808 /* LaboratoryHudLayer.swift */,
			);
			name = LaboratoryLayers;
			sourceTree = "<group>";
		};
		6B2783321BD6A98B009628D8 /* Objects */ = {
			isa = PBXGroup;
			children = (
				6B53A6F81BDA9FCD002E7808 /* Computer.swift */,
				6B53A7021BDA9FCD002E7808 /* GunDevelopmentCenter.swift */,
				6B53A6FA1BDA9FCD002E7808 /* Desk.swift */,
				6B53A70F1BDA9FCD002E7808 /* TrainingCenter.swift */,
				6B53A7111BDA9FCD002E7808 /* Watch.swift */,
				6B53A70D1BDA9FCD002E7808 /* Television.swift */,
				6B2999E81BD8162B0045C3CC /* Layers */,
				6B2999E71BD8161F0045C3CC /* Interface */,
			);
			name = Objects;
			sourceTree = "<group>";
		};
		6B27833B1BD6AA9A009628D8 /* Agent */ = {
			isa = PBXGroup;
			children = (
				6B53A6EE1BDA9FCD002E7808 /* Agent.swift */,
				6B53A6F11BDA9FCD002E7808 /* Backpack.swift */,
			);
			name = Agent;
			sourceTree = "<group>";
		};
		6B2783431BD6ABF3009628D8 /* Duel Mode */ = {
			isa = PBXGroup;
			children = (
			);
			name = "Duel Mode";
			sourceTree = "<group>";
		};
		6B2783441BD6AC3B009628D8 /* Analog Stick */ = {
			isa = PBXGroup;
			children = (
				6B9FBFDD1BDAAE3B00ED08C3 /* AnalogStick.swift */,
			);
			name = "Analog Stick";
			sourceTree = "<group>";
		};
		6B2783451BD6AC58009628D8 /* Enemies */ = {
			isa = PBXGroup;
			children = (
				6B53A7001BDA9FCD002E7808 /* GeneralEnemy.swift */,
			);
			name = Enemies;
			sourceTree = "<group>";
		};
		6B2783481BD6ACFA009628D8 /* Objects */ = {
			isa = PBXGroup;
			children = (
				6B53A7011BDA9FCD002E7808 /* Ground.swift */,
				6B53A6F21BDA9FCD002E7808 /* Buildings.swift */,
				6B53A7091BDA9FCD002E7808 /* Obstacles.swift */,
			);
			name = Objects;
			sourceTree = "<group>";
		};
		6B2999E71BD8161F0045C3CC /* Interface */ = {
			isa = PBXGroup;
			children = (
			);
			name = Interface;
			sourceTree = "<group>";
		};
		6B2999E81BD8162B0045C3CC /* Layers */ = {
			isa = PBXGroup;
			children = (
				6B53A7031BDA9FCD002E7808 /* GunDevelopmentCenterLayer.swift */,
				6B53A6FB1BDA9FCD002E7808 /* DeskLayer.swift */,
				6B53A6F91BDA9FCD002E7808 /* ComputerLayer.swift */,
				6B53A70E1BDA9FCD002E7808 /* TelevisionLayer.swift */,
				6B53A7101BDA9FCD002E7808 /* TrainingCenterLayer.swift */,
			);
			name = Layers;
			sourceTree = "<group>";
		};
		6B2D98A41BB1C6E7005B342E = {
			isa = PBXGroup;
			children = (
				6B2D98AF1BB1C6E7005B342E /* Agent 31 */,
				6B2D98C91BB1C6E8005B342E /* Agent 31Tests */,
				6B2D98AE1BB1C6E7005B342E /* Products */,
			);
			sourceTree = "<group>";
		};
		6B2D98AE1BB1C6E7005B342E /* Products */ = {
			isa = PBXGroup;
			children = (
				6B2D98AD1BB1C6E7005B342E /* Agent 31.app */,
				6B2D98C61BB1C6E8005B342E /* Agent 31Tests.xctest */,
			);
			name = Products;
			sourceTree = "<group>";
		};
		6B2D98AF1BB1C6E7005B342E /* Agent 31 */ = {
			isa = PBXGroup;
			children = (
				6B408AB41BD6A1A800D64ABF /* General */,
				6B2783241BD6A800009628D8 /* Entities */,
				6B2783201BD6A792009628D8 /* Scenes */,
				6B2783431BD6ABF3009628D8 /* Duel Mode */,
				6B2783211BD6A7C5009628D8 /* GameData */,
				6B408AB31BD6A19800D64ABF /* Resources */,
				6B2D98B01BB1C6E7005B342E /* Supporting Files */,
			);
			path = "Agent 31";
			sourceTree = "<group>";
		};
		6B2D98B01BB1C6E7005B342E /* Supporting Files */ = {
			isa = PBXGroup;
			children = (
				6B53A7041BDA9FCD002E7808 /* Info.plist */,
			);
			name = "Supporting Files";
			sourceTree = "<group>";
		};
		6B2D98C91BB1C6E8005B342E /* Agent 31Tests */ = {
			isa = PBXGroup;
			children = (
				6B2D98CC1BB1C6E8005B342E /* Agent_31Tests.swift */,
				6B2D98CA1BB1C6E8005B342E /* Supporting Files */,
			);
			path = "Agent 31Tests";
			sourceTree = "<group>";
		};
		6B2D98CA1BB1C6E8005B342E /* Supporting Files */ = {
			isa = PBXGroup;
			children = (
				6B2D98CB1BB1C6E8005B342E /* Info.plist */,
			);
			name = "Supporting Files";
			sourceTree = "<group>";
		};
		6B408AB31BD6A19800D64ABF /* Resources */ = {
			isa = PBXGroup;
			children = (
				09ED5F541BDB019900A58F13 /* Images */,
				6B06CD811BD6A0B9009F38F4 /* Fonts */,
				6B2D98BD1BB1C6E7005B342E /* Images.xcassets */,
				6B2D98BF1BB1C6E7005B342E /* LaunchScreen.xib */,
			);
			name = Resources;
			sourceTree = "<group>";
		};
		6B408AB41BD6A1A800D64ABF /* General */ = {
			isa = PBXGroup;
			children = (
				6B53A70C1BDA9FCD002E7808 /* SKGeneral.swift */,
				6B53A6F01BDA9FCD002E7808 /* AppDelegate.swift */,
				6B53A6FF1BDA9FCD002E7808 /* GameViewController.swift */,
				6B53A70B1BDA9FCD002E7808 /* PhysicsCategories.swift */,
				6B2D98BA1BB1C6E7005B342E /* Main.storyboard */,
				6B53A6FE1BDA9FCD002E7808 /* GameScene.sks */,
			);
			name = General;
			sourceTree = "<group>";
		};
/* End PBXGroup section */

/* Begin PBXNativeTarget section */
		6B2D98AC1BB1C6E7005B342E /* Agent 31 */ = {
			isa = PBXNativeTarget;
			buildConfigurationList = 6B2D98D01BB1C6E8005B342E /* Build configuration list for PBXNativeTarget "Agent 31" */;
			buildPhases = (
				6B2D98A91BB1C6E7005B342E /* Sources */,
				6B2D98AA1BB1C6E7005B342E /* Frameworks */,
				6B2D98AB1BB1C6E7005B342E /* Resources */,
			);
			buildRules = (
			);
			dependencies = (
			);
			name = "Agent 31";
			productName = "Agent 31";
			productReference = 6B2D98AD1BB1C6E7005B342E /* Agent 31.app */;
			productType = "com.apple.product-type.application";
		};
		6B2D98C51BB1C6E8005B342E /* Agent 31Tests */ = {
			isa = PBXNativeTarget;
			buildConfigurationList = 6B2D98D31BB1C6E8005B342E /* Build configuration list for PBXNativeTarget "Agent 31Tests" */;
			buildPhases = (
				6B2D98C21BB1C6E8005B342E /* Sources */,
				6B2D98C31BB1C6E8005B342E /* Frameworks */,
				6B2D98C41BB1C6E8005B342E /* Resources */,
			);
			buildRules = (
			);
			dependencies = (
				6B2D98C81BB1C6E8005B342E /* PBXTargetDependency */,
			);
			name = "Agent 31Tests";
			productName = "Agent 31Tests";
			productReference = 6B2D98C61BB1C6E8005B342E /* Agent 31Tests.xctest */;
			productType = "com.apple.product-type.bundle.unit-test";
		};
/* End PBXNativeTarget section */

/* Begin PBXProject section */
		6B2D98A51BB1C6E7005B342E /* Project object */ = {
			isa = PBXProject;
			attributes = {
				LastSwiftMigration = 0700;
				LastSwiftUpdateCheck = 0710;
				LastUpgradeCheck = 0710;
				ORGANIZATIONNAME = Agent31;
				TargetAttributes = {
					6B2D98AC1BB1C6E7005B342E = {
						CreatedOnToolsVersion = 6.4;
					};
					6B2D98C51BB1C6E8005B342E = {
						CreatedOnToolsVersion = 6.4;
						TestTargetID = 6B2D98AC1BB1C6E7005B342E;
					};
				};
			};
			buildConfigurationList = 6B2D98A81BB1C6E7005B342E /* Build configuration list for PBXProject "Agent 31" */;
			compatibilityVersion = "Xcode 3.2";
			developmentRegion = English;
			hasScannedForEncodings = 0;
			knownRegions = (
				en,
				Base,
			);
			mainGroup = 6B2D98A41BB1C6E7005B342E;
			productRefGroup = 6B2D98AE1BB1C6E7005B342E /* Products */;
			projectDirPath = "";
			projectRoot = "";
			targets = (
				6B2D98AC1BB1C6E7005B342E /* Agent 31 */,
				6B2D98C51BB1C6E8005B342E /* Agent 31Tests */,
			);
		};
/* End PBXProject section */

/* Begin PBXResourcesBuildPhase section */
		6B2D98AB1BB1C6E7005B342E /* Resources */ = {
			isa = PBXResourcesBuildPhase;
			buildActionMask = 2147483647;
			files = (
				09ED5FA11BDB019900A58F13 /* RunningAgent4.png in Resources */,
				09ED5FFE1BDB13DA00A58F13 /* pernasPulando4.png in Resources */,
				09ED5FA41BDB019900A58F13 /* pernasParado1.png in Resources */,
				09ED5FC41BDB019900A58F13 /* placeHolderTreinamento.png in Resources */,
				09ED5F9B1BDB019900A58F13 /* idleAgent2.png in Resources */,
				09ED5FFB1BDB13DA00A58F13 /* pernasPulando1.png in Resources */,
				6B2D98C11BB1C6E7005B342E /* LaunchScreen.xib in Resources */,
				09ED5FBC1BDB019900A58F13 /* resourcesLabImages.png in Resources */,
				09ED5FFC1BDB13DA00A58F13 /* pernasPulando2.png in Resources */,
				09ED5F9D1BDB019900A58F13 /* jumpAgent2.png in Resources */,
				09ED5FFD1BDB13DA00A58F13 /* pernasPulando3.png in Resources */,
				09ED5FC01BDB019900A58F13 /* Ground.png in Resources */,
				09ED5FBE1BDB019900A58F13 /* backgroundCityPlaceholder.png in Resources */,
				09ED5FBF1BDB019900A58F13 /* backgroundLabTest.png in Resources */,
				09ED5FC21BDB019900A58F13 /* placeHolderMesaArmas.png in Resources */,
				09ED5FC31BDB019900A58F13 /* placeHolderPC.png in Resources */,
				09ED5FB91BDB019900A58F13 /* life3.png in Resources */,
				09ED5F981BDB019900A58F13 /* analogBtn.png in Resources */,
				09ED5F991BDB019900A58F13 /* GotHitAgent1.png in Resources */,
				09ED5FA81BDB019900A58F13 /* troncoParado4.png in Resources */,
				6B2D98BE1BB1C6E7005B342E /* Images.xcassets in Resources */,
				09ED60031BDB13DA00A58F13 /* troncoPulando1.png in Resources */,
				09ED5FC71BDB019900A58F13 /* placeHolderAgent.png in Resources */,
				09ED5FAE1BDB019900A58F13 /* shootingButton.png in Resources */,
				09ED5F9F1BDB019900A58F13 /* RunningAgent2.png in Resources */,
				09ED5F971BDB019900A58F13 /* analogBg.png in Resources */,
				09ED60021BDB13DA00A58F13 /* pernasPulando8.png in Resources */,
				09ED5F9C1BDB019900A58F13 /* jumpAgent1.png in Resources */,
				09ED5FC51BDB019900A58F13 /* placeHolderTV.png in Resources */,
				09ED60061BDB13DA00A58F13 /* troncoPulando4.png in Resources */,
				09ED5F9A1BDB019900A58F13 /* idleAgent1.png in Resources */,
				09ED5FB01BDB019900A58F13 /* lifeCity1.png in Resources */,
				09ED5FB11BDB019900A58F13 /* lifeCity2.png in Resources */,
				09ED5F9E1BDB019900A58F13 /* RunningAgent1.png in Resources */,
				09ED5FB31BDB019900A58F13 /* lifeCity4.png in Resources */,
				0991DC551BD800EE005BA2B9 /* (null) in Resources */,
				09ED5FA91BDB019900A58F13 /* coinCity.png in Resources */,
				09ED60011BDB13DA00A58F13 /* pernasPulando7.png in Resources */,
				09ED5FBB1BDB019900A58F13 /* life5.png in Resources */,
				09ED5FB51BDB019900A58F13 /* cityButtonPlaceHolder.png in Resources */,
				09ED5FA61BDB019900A58F13 /* troncoParado2.png in Resources */,
				09ED5FB41BDB019900A58F13 /* lifeCity5.png in Resources */,
				09ED5FAC1BDB019900A58F13 /* metalCity.png in Resources */,
				09ED5FAA1BDB019900A58F13 /* diamondCity.png in Resources */,
				09ED5FBA1BDB019900A58F13 /* life4.png in Resources */,
				09ED600A1BDB13DA00A58F13 /* troncoPulando8.png in Resources */,
				0991DC511BD800EE005BA2B9 /* (null) in Resources */,
				09ED5FA31BDB019900A58F13 /* RunningAgent6.png in Resources */,
				09ED60001BDB13DA00A58F13 /* pernasPulando6.png in Resources */,
				09ED5FA21BDB019900A58F13 /* RunningAgent5.png in Resources */,
				09ED5FC11BDB019900A58F13 /* placeHolderMesa.png in Resources */,
				09ED5FAB1BDB019900A58F13 /* jumpButton.png in Resources */,
				09ED60081BDB13DA00A58F13 /* troncoPulando6.png in Resources */,
				09ED5FB71BDB019900A58F13 /* life1.png in Resources */,
				09ED5FA51BDB019900A58F13 /* troncoParado1.png in Resources */,
				09ED5FA71BDB019900A58F13 /* troncoParado3.png in Resources */,
				09ED60091BDB13DA00A58F13 /* troncoPulando7.png in Resources */,
				6B53A7221BDA9FCD002E7808 /* GameScene.sks in Resources */,
				09ED5FB21BDB019900A58F13 /* lifeCity3.png in Resources */,
				09ED5FFF1BDB13DA00A58F13 /* pernasPulando5.png in Resources */,
				0991DC4F1BD800EE005BA2B9 /* (null) in Resources */,
				09ED5FC61BDB019900A58F13 /* tapHereButton.png in Resources */,
				6B2D98BC1BB1C6E7005B342E /* Main.storyboard in Resources */,
				09ED5FAF1BDB019900A58F13 /* slot.png in Resources */,
				09ED5FA01BDB019900A58F13 /* RunningAgent3.png in Resources */,
				09ED5FB81BDB019900A58F13 /* life2.png in Resources */,
				09ED60071BDB13DA00A58F13 /* troncoPulando5.png in Resources */,
				09ED60051BDB13DA00A58F13 /* troncoPulando3.png in Resources */,
				09ED5FBD1BDB019900A58F13 /* 1.png in Resources */,
				09ED60041BDB13DA00A58F13 /* troncoPulando2.png in Resources */,
				09ED5FAD1BDB019900A58F13 /* pauseCity.png in Resources */,
				09ED5FB61BDB019900A58F13 /* headerBarLab.png in Resources */,
			);
			runOnlyForDeploymentPostprocessing = 0;
		};
		6B2D98C41BB1C6E8005B342E /* Resources */ = {
			isa = PBXResourcesBuildPhase;
			buildActionMask = 2147483647;
			files = (
			);
			runOnlyForDeploymentPostprocessing = 0;
		};
/* End PBXResourcesBuildPhase section */

/* Begin PBXSourcesBuildPhase section */
		6B2D98A91BB1C6E7005B342E /* Sources */ = {
			isa = PBXSourcesBuildPhase;
			buildActionMask = 2147483647;
			files = (
				6B53A72B1BDA9FCD002E7808 /* LaboratoryHudLayer.swift in Sources */,
				6B53A7141BDA9FCD002E7808 /* AppDelegate.swift in Sources */,
				6B53A7201BDA9FCD002E7808 /* GameData.swift in Sources */,
				6B53A7311BDA9FCD002E7808 /* Television.swift in Sources */,
				6B53A72A1BDA9FCD002E7808 /* LaboratoryGameLayer.swift in Sources */,
				6B53A7161BDA9FCD002E7808 /* Buildings.swift in Sources */,
				6B53A7151BDA9FCD002E7808 /* Backpack.swift in Sources */,
				6B53A7351BDA9FCD002E7808 /* Watch.swift in Sources */,
				6B53A7171BDA9FCD002E7808 /* Character.swift in Sources */,
				6B53A7231BDA9FCD002E7808 /* GameViewController.swift in Sources */,
				6B53A7271BDA9FCD002E7808 /* GunDevelopmentCenterLayer.swift in Sources */,
				6B53A71B1BDA9FCD002E7808 /* CityScene.swift in Sources */,
				6B53A7331BDA9FCD002E7808 /* TrainingCenter.swift in Sources */,
				6B53A72F1BDA9FCD002E7808 /* PhysicsCategories.swift in Sources */,
				6B53A72E1BDA9FCD002E7808 /* PauseLayer.swift in Sources */,
				6B53A71D1BDA9FCD002E7808 /* ComputerLayer.swift in Sources */,
				6B53A7301BDA9FCD002E7808 /* SKGeneral.swift in Sources */,
				6B53A72D1BDA9FCD002E7808 /* Obstacles.swift in Sources */,
				6B53A7181BDA9FCD002E7808 /* CityBackgroundLayer.swift in Sources */,
				6B53A7191BDA9FCD002E7808 /* CityGameLayer.swift in Sources */,
				6B53A7251BDA9FCD002E7808 /* Ground.swift in Sources */,
				6B53A71E1BDA9FCD002E7808 /* Desk.swift in Sources */,
				6B53A71C1BDA9FCD002E7808 /* Computer.swift in Sources */,
				6B53A7241BDA9FCD002E7808 /* GeneralEnemy.swift in Sources */,
				6B53A7341BDA9FCD002E7808 /* TrainingCenterLayer.swift in Sources */,
				6B9FBFDE1BDAAE3B00ED08C3 /* AnalogStick.swift in Sources */,
				6B53A7291BDA9FCD002E7808 /* LaboratoryBackgroundLayer.swift in Sources */,
				6B53A7261BDA9FCD002E7808 /* GunDevelopmentCenter.swift in Sources */,
				6B53A7211BDA9FCD002E7808 /* GameObject.swift in Sources */,
				6B53A72C1BDA9FCD002E7808 /* LaboratoryScene.swift in Sources */,
				6B53A71A1BDA9FCD002E7808 /* CityHudLayer.swift in Sources */,
				6B53A7321BDA9FCD002E7808 /* TelevisionLayer.swift in Sources */,
				6B53A71F1BDA9FCD002E7808 /* DeskLayer.swift in Sources */,
				6B53A7121BDA9FCD002E7808 /* Agent.swift in Sources */,
			);
			runOnlyForDeploymentPostprocessing = 0;
		};
		6B2D98C21BB1C6E8005B342E /* Sources */ = {
			isa = PBXSourcesBuildPhase;
			buildActionMask = 2147483647;
			files = (
				6B2D98CD1BB1C6E8005B342E /* Agent_31Tests.swift in Sources */,
			);
			runOnlyForDeploymentPostprocessing = 0;
		};
/* End PBXSourcesBuildPhase section */

/* Begin PBXTargetDependency section */
		6B2D98C81BB1C6E8005B342E /* PBXTargetDependency */ = {
			isa = PBXTargetDependency;
			target = 6B2D98AC1BB1C6E7005B342E /* Agent 31 */;
			targetProxy = 6B2D98C71BB1C6E8005B342E /* PBXContainerItemProxy */;
		};
/* End PBXTargetDependency section */

/* Begin PBXVariantGroup section */
		6B2D98BA1BB1C6E7005B342E /* Main.storyboard */ = {
			isa = PBXVariantGroup;
			children = (
				6B2D98BB1BB1C6E7005B342E /* Base */,
			);
			name = Main.storyboard;
			sourceTree = "<group>";
		};
		6B2D98BF1BB1C6E7005B342E /* LaunchScreen.xib */ = {
			isa = PBXVariantGroup;
			children = (
				6B2D98C01BB1C6E7005B342E /* Base */,
			);
			name = LaunchScreen.xib;
			sourceTree = "<group>";
		};
/* End PBXVariantGroup section */

/* Begin XCBuildConfiguration section */
		6B2D98CE1BB1C6E8005B342E /* Debug */ = {
			isa = XCBuildConfiguration;
			buildSettings = {
				ALWAYS_SEARCH_USER_PATHS = NO;
				CLANG_CXX_LANGUAGE_STANDARD = "gnu++0x";
				CLANG_CXX_LIBRARY = "libc++";
				CLANG_ENABLE_MODULES = YES;
				CLANG_ENABLE_OBJC_ARC = YES;
				CLANG_WARN_BOOL_CONVERSION = YES;
				CLANG_WARN_CONSTANT_CONVERSION = YES;
				CLANG_WARN_DIRECT_OBJC_ISA_USAGE = YES_ERROR;
				CLANG_WARN_EMPTY_BODY = YES;
				CLANG_WARN_ENUM_CONVERSION = YES;
				CLANG_WARN_INT_CONVERSION = YES;
				CLANG_WARN_OBJC_ROOT_CLASS = YES_ERROR;
				CLANG_WARN_UNREACHABLE_CODE = YES;
				CLANG_WARN__DUPLICATE_METHOD_MATCH = YES;
				"CODE_SIGN_IDENTITY[sdk=iphoneos*]" = "iPhone Developer";
				COPY_PHASE_STRIP = NO;
				DEBUG_INFORMATION_FORMAT = "dwarf-with-dsym";
				ENABLE_STRICT_OBJC_MSGSEND = YES;
				ENABLE_TESTABILITY = YES;
				GCC_C_LANGUAGE_STANDARD = gnu99;
				GCC_DYNAMIC_NO_PIC = NO;
				GCC_NO_COMMON_BLOCKS = YES;
				GCC_OPTIMIZATION_LEVEL = 0;
				GCC_PREPROCESSOR_DEFINITIONS = (
					"DEBUG=1",
					"$(inherited)",
				);
				GCC_SYMBOLS_PRIVATE_EXTERN = NO;
				GCC_WARN_64_TO_32_BIT_CONVERSION = YES;
				GCC_WARN_ABOUT_RETURN_TYPE = YES_ERROR;
				GCC_WARN_UNDECLARED_SELECTOR = YES;
				GCC_WARN_UNINITIALIZED_AUTOS = YES_AGGRESSIVE;
				GCC_WARN_UNUSED_FUNCTION = YES;
				GCC_WARN_UNUSED_VARIABLE = YES;
				IPHONEOS_DEPLOYMENT_TARGET = 8.4;
				MTL_ENABLE_DEBUG_INFO = YES;
				ONLY_ACTIVE_ARCH = YES;
				SDKROOT = iphoneos;
				SWIFT_OPTIMIZATION_LEVEL = "-Onone";
			};
			name = Debug;
		};
		6B2D98CF1BB1C6E8005B342E /* Release */ = {
			isa = XCBuildConfiguration;
			buildSettings = {
				ALWAYS_SEARCH_USER_PATHS = NO;
				CLANG_CXX_LANGUAGE_STANDARD = "gnu++0x";
				CLANG_CXX_LIBRARY = "libc++";
				CLANG_ENABLE_MODULES = YES;
				CLANG_ENABLE_OBJC_ARC = YES;
				CLANG_WARN_BOOL_CONVERSION = YES;
				CLANG_WARN_CONSTANT_CONVERSION = YES;
				CLANG_WARN_DIRECT_OBJC_ISA_USAGE = YES_ERROR;
				CLANG_WARN_EMPTY_BODY = YES;
				CLANG_WARN_ENUM_CONVERSION = YES;
				CLANG_WARN_INT_CONVERSION = YES;
				CLANG_WARN_OBJC_ROOT_CLASS = YES_ERROR;
				CLANG_WARN_UNREACHABLE_CODE = YES;
				CLANG_WARN__DUPLICATE_METHOD_MATCH = YES;
				"CODE_SIGN_IDENTITY[sdk=iphoneos*]" = "iPhone Developer";
				COPY_PHASE_STRIP = NO;
				DEBUG_INFORMATION_FORMAT = "dwarf-with-dsym";
				ENABLE_NS_ASSERTIONS = NO;
				ENABLE_STRICT_OBJC_MSGSEND = YES;
				GCC_C_LANGUAGE_STANDARD = gnu99;
				GCC_NO_COMMON_BLOCKS = YES;
				GCC_WARN_64_TO_32_BIT_CONVERSION = YES;
				GCC_WARN_ABOUT_RETURN_TYPE = YES_ERROR;
				GCC_WARN_UNDECLARED_SELECTOR = YES;
				GCC_WARN_UNINITIALIZED_AUTOS = YES_AGGRESSIVE;
				GCC_WARN_UNUSED_FUNCTION = YES;
				GCC_WARN_UNUSED_VARIABLE = YES;
				IPHONEOS_DEPLOYMENT_TARGET = 8.4;
				MTL_ENABLE_DEBUG_INFO = NO;
				SDKROOT = iphoneos;
				VALIDATE_PRODUCT = YES;
			};
			name = Release;
		};
		6B2D98D11BB1C6E8005B342E /* Debug */ = {
			isa = XCBuildConfiguration;
			buildSettings = {
				ASSETCATALOG_COMPILER_APPICON_NAME = AppIcon;
				CLANG_ENABLE_MODULES = YES;
				CODE_SIGN_IDENTITY = "iPhone Developer";
				"CODE_SIGN_IDENTITY[sdk=iphoneos*]" = "iPhone Developer";
				INFOPLIST_FILE = "Agent 31/Info.plist";
				LD_RUNPATH_SEARCH_PATHS = "$(inherited) @executable_path/Frameworks";
				PRODUCT_BUNDLE_IDENTIFIER = "HenriqueDutra.$(PRODUCT_NAME:rfc1034identifier)";
				PRODUCT_NAME = "$(TARGET_NAME)";
				PROVISIONING_PROFILE = "";
				SWIFT_OPTIMIZATION_LEVEL = "-Onone";
			};
			name = Debug;
		};
		6B2D98D21BB1C6E8005B342E /* Release */ = {
			isa = XCBuildConfiguration;
			buildSettings = {
				ASSETCATALOG_COMPILER_APPICON_NAME = AppIcon;
				CLANG_ENABLE_MODULES = YES;
				CODE_SIGN_IDENTITY = "iPhone Developer";
				"CODE_SIGN_IDENTITY[sdk=iphoneos*]" = "iPhone Developer";
				INFOPLIST_FILE = "Agent 31/Info.plist";
				LD_RUNPATH_SEARCH_PATHS = "$(inherited) @executable_path/Frameworks";
				PRODUCT_BUNDLE_IDENTIFIER = "HenriqueDutra.$(PRODUCT_NAME:rfc1034identifier)";
				PRODUCT_NAME = "$(TARGET_NAME)";
				PROVISIONING_PROFILE = "";
			};
			name = Release;
		};
		6B2D98D41BB1C6E8005B342E /* Debug */ = {
			isa = XCBuildConfiguration;
			buildSettings = {
				BUNDLE_LOADER = "$(TEST_HOST)";
				FRAMEWORK_SEARCH_PATHS = (
					"$(SDKROOT)/Developer/Library/Frameworks",
					"$(inherited)",
				);
				GCC_PREPROCESSOR_DEFINITIONS = (
					"DEBUG=1",
					"$(inherited)",
				);
				INFOPLIST_FILE = "Agent 31Tests/Info.plist";
				LD_RUNPATH_SEARCH_PATHS = "$(inherited) @executable_path/Frameworks @loader_path/Frameworks";
				PRODUCT_BUNDLE_IDENTIFIER = "HenriqueDutra.$(PRODUCT_NAME:rfc1034identifier)";
				PRODUCT_NAME = "$(TARGET_NAME)";
				TEST_HOST = "$(BUILT_PRODUCTS_DIR)/Agent 31.app/Agent 31";
			};
			name = Debug;
		};
		6B2D98D51BB1C6E8005B342E /* Release */ = {
			isa = XCBuildConfiguration;
			buildSettings = {
				BUNDLE_LOADER = "$(TEST_HOST)";
				FRAMEWORK_SEARCH_PATHS = (
					"$(SDKROOT)/Developer/Library/Frameworks",
					"$(inherited)",
				);
				INFOPLIST_FILE = "Agent 31Tests/Info.plist";
				LD_RUNPATH_SEARCH_PATHS = "$(inherited) @executable_path/Frameworks @loader_path/Frameworks";
				PRODUCT_BUNDLE_IDENTIFIER = "HenriqueDutra.$(PRODUCT_NAME:rfc1034identifier)";
				PRODUCT_NAME = "$(TARGET_NAME)";
				TEST_HOST = "$(BUILT_PRODUCTS_DIR)/Agent 31.app/Agent 31";
			};
			name = Release;
		};
/* End XCBuildConfiguration section */

/* Begin XCConfigurationList section */
		6B2D98A81BB1C6E7005B342E /* Build configuration list for PBXProject "Agent 31" */ = {
			isa = XCConfigurationList;
			buildConfigurations = (
				6B2D98CE1BB1C6E8005B342E /* Debug */,
				6B2D98CF1BB1C6E8005B342E /* Release */,
			);
			defaultConfigurationIsVisible = 0;
			defaultConfigurationName = Release;
		};
		6B2D98D01BB1C6E8005B342E /* Build configuration list for PBXNativeTarget "Agent 31" */ = {
			isa = XCConfigurationList;
			buildConfigurations = (
				6B2D98D11BB1C6E8005B342E /* Debug */,
				6B2D98D21BB1C6E8005B342E /* Release */,
			);
			defaultConfigurationIsVisible = 0;
			defaultConfigurationName = Release;
		};
		6B2D98D31BB1C6E8005B342E /* Build configuration list for PBXNativeTarget "Agent 31Tests" */ = {
			isa = XCConfigurationList;
			buildConfigurations = (
				6B2D98D41BB1C6E8005B342E /* Debug */,
				6B2D98D51BB1C6E8005B342E /* Release */,
			);
			defaultConfigurationIsVisible = 0;
			defaultConfigurationName = Release;
		};
/* End XCConfigurationList section */
	};
	rootObject = 6B2D98A51BB1C6E7005B342E /* Project object */;
}
