// !$*UTF8*$!
{
	archiveVersion = 1;
	classes = {
	};
	objectVersion = 46;
	objects = {

/* Begin PBXBuildFile section */
		091246261BBDBB39009F9DF1 /* SKGeneral.swift in Sources */ = {isa = PBXBuildFile; fileRef = 091246251BBDBB39009F9DF1 /* SKGeneral.swift */; settings = {ASSET_TAGS = (); }; };
		0991DC4B1BD800EE005BA2B9 /* 1.png in Resources */ = {isa = PBXBuildFile; fileRef = 0991DC351BD800EE005BA2B9 /* 1.png */; settings = {ASSET_TAGS = (); }; };
		0991DC4C1BD800EE005BA2B9 /* backgroundLabTest.png in Resources */ = {isa = PBXBuildFile; fileRef = 0991DC361BD800EE005BA2B9 /* backgroundLabTest.png */; settings = {ASSET_TAGS = (); }; };
		0991DC4D1BD800EE005BA2B9 /* frame-got-hit.png in Resources */ = {isa = PBXBuildFile; fileRef = 0991DC3A1BD800EE005BA2B9 /* frame-got-hit.png */; settings = {ASSET_TAGS = (); }; };
		0991DC4E1BD800EE005BA2B9 /* idleAgent1.png in Resources */ = {isa = PBXBuildFile; fileRef = 0991DC3C1BD800EE005BA2B9 /* idleAgent1.png */; settings = {ASSET_TAGS = (); }; };
		0991DC4F1BD800EE005BA2B9 /* idleAgent2.png in Resources */ = {isa = PBXBuildFile; fileRef = 0991DC3D1BD800EE005BA2B9 /* idleAgent2.png */; settings = {ASSET_TAGS = (); }; };
		0991DC501BD800EE005BA2B9 /* jumpAgent1.png in Resources */ = {isa = PBXBuildFile; fileRef = 0991DC3F1BD800EE005BA2B9 /* jumpAgent1.png */; settings = {ASSET_TAGS = (); }; };
		0991DC511BD800EE005BA2B9 /* jumpAgent2.png in Resources */ = {isa = PBXBuildFile; fileRef = 0991DC401BD800EE005BA2B9 /* jumpAgent2.png */; settings = {ASSET_TAGS = (); }; };
		0991DC521BD800EE005BA2B9 /* RunningAgent1.png in Resources */ = {isa = PBXBuildFile; fileRef = 0991DC421BD800EE005BA2B9 /* RunningAgent1.png */; settings = {ASSET_TAGS = (); }; };
		0991DC531BD800EE005BA2B9 /* RunningAgent2.png in Resources */ = {isa = PBXBuildFile; fileRef = 0991DC431BD800EE005BA2B9 /* RunningAgent2.png */; settings = {ASSET_TAGS = (); }; };
		0991DC541BD800EE005BA2B9 /* RunningAgent3.png in Resources */ = {isa = PBXBuildFile; fileRef = 0991DC441BD800EE005BA2B9 /* RunningAgent3.png */; settings = {ASSET_TAGS = (); }; };
		0991DC551BD800EE005BA2B9 /* RunningAgent4.png in Resources */ = {isa = PBXBuildFile; fileRef = 0991DC451BD800EE005BA2B9 /* RunningAgent4.png */; settings = {ASSET_TAGS = (); }; };
		0991DC561BD800EE005BA2B9 /* RunningAgent5.png in Resources */ = {isa = PBXBuildFile; fileRef = 0991DC461BD800EE005BA2B9 /* RunningAgent5.png */; settings = {ASSET_TAGS = (); }; };
		0991DC571BD800EE005BA2B9 /* RunningAgent6.png in Resources */ = {isa = PBXBuildFile; fileRef = 0991DC471BD800EE005BA2B9 /* RunningAgent6.png */; settings = {ASSET_TAGS = (); }; };
		0991DC581BD800EE005BA2B9 /* headerBarLab.png in Resources */ = {isa = PBXBuildFile; fileRef = 0991DC481BD800EE005BA2B9 /* headerBarLab.png */; settings = {ASSET_TAGS = (); }; };
		0991DC591BD800EE005BA2B9 /* jumpButton.png in Resources */ = {isa = PBXBuildFile; fileRef = 0991DC491BD800EE005BA2B9 /* jumpButton.png */; settings = {ASSET_TAGS = (); }; };
		0991DC5A1BD800EE005BA2B9 /* resourcesLabImages.png in Resources */ = {isa = PBXBuildFile; fileRef = 0991DC4A1BD800EE005BA2B9 /* resourcesLabImages.png */; settings = {ASSET_TAGS = (); }; };
		6B27831F1BD6A781009628D8 /* GameObject.swift in Sources */ = {isa = PBXBuildFile; fileRef = 6B27831E1BD6A781009628D8 /* GameObject.swift */; settings = {ASSET_TAGS = (); }; };
		6B2783231BD6A7E2009628D8 /* GameData.swift in Sources */ = {isa = PBXBuildFile; fileRef = 6B2783221BD6A7E2009628D8 /* GameData.swift */; settings = {ASSET_TAGS = (); }; };
		6B2783261BD6A81E009628D8 /* Character.swift in Sources */ = {isa = PBXBuildFile; fileRef = 6B2783251BD6A81E009628D8 /* Character.swift */; settings = {ASSET_TAGS = (); }; };
		6B2783281BD6A849009628D8 /* GeneralEnemy.swift in Sources */ = {isa = PBXBuildFile; fileRef = 6B2783271BD6A849009628D8 /* GeneralEnemy.swift */; settings = {ASSET_TAGS = (); }; };
		6B27832D1BD6A8A0009628D8 /* Agent.swift in Sources */ = {isa = PBXBuildFile; fileRef = 6B27832C1BD6A8A0009628D8 /* Agent.swift */; settings = {ASSET_TAGS = (); }; };
		6B27832F1BD6A8F0009628D8 /* LaboratoryHudLayer.swift in Sources */ = {isa = PBXBuildFile; fileRef = 6B27832E1BD6A8F0009628D8 /* LaboratoryHudLayer.swift */; settings = {ASSET_TAGS = (); }; };
		6B2783311BD6A97F009628D8 /* Desk.swift in Sources */ = {isa = PBXBuildFile; fileRef = 6B2783301BD6A97F009628D8 /* Desk.swift */; settings = {ASSET_TAGS = (); }; };
		6B2783341BD6A9A1009628D8 /* Computer.swift in Sources */ = {isa = PBXBuildFile; fileRef = 6B2783331BD6A9A1009628D8 /* Computer.swift */; settings = {ASSET_TAGS = (); }; };
		6B2783361BD6A9B0009628D8 /* Television.swift in Sources */ = {isa = PBXBuildFile; fileRef = 6B2783351BD6A9B0009628D8 /* Television.swift */; settings = {ASSET_TAGS = (); }; };
		6B2783381BD6A9CE009628D8 /* TrainingCenter.swift in Sources */ = {isa = PBXBuildFile; fileRef = 6B2783371BD6A9CE009628D8 /* TrainingCenter.swift */; settings = {ASSET_TAGS = (); }; };
		6B27833A1BD6A9E3009628D8 /* GunDevelopmentCenter.swift in Sources */ = {isa = PBXBuildFile; fileRef = 6B2783391BD6A9E3009628D8 /* GunDevelopmentCenter.swift */; settings = {ASSET_TAGS = (); }; };
		6B27833D1BD6AAE6009628D8 /* Backpack.swift in Sources */ = {isa = PBXBuildFile; fileRef = 6B27833C1BD6AAE6009628D8 /* Backpack.swift */; settings = {ASSET_TAGS = (); }; };
		6B27833F1BD6AAFD009628D8 /* Watch.swift in Sources */ = {isa = PBXBuildFile; fileRef = 6B27833E1BD6AAFD009628D8 /* Watch.swift */; settings = {ASSET_TAGS = (); }; };
		6B2783411BD6AB38009628D8 /* LaboratoryBackgroundLayer.swift in Sources */ = {isa = PBXBuildFile; fileRef = 6B2783401BD6AB38009628D8 /* LaboratoryBackgroundLayer.swift */; settings = {ASSET_TAGS = (); }; };
		6B2783471BD6ACDF009628D8 /* CityBackgroundLayer.swift in Sources */ = {isa = PBXBuildFile; fileRef = 6B2783461BD6ACDF009628D8 /* CityBackgroundLayer.swift */; settings = {ASSET_TAGS = (); }; };
		6B27834A1BD6AD25009628D8 /* Buildings.swift in Sources */ = {isa = PBXBuildFile; fileRef = 6B2783491BD6AD25009628D8 /* Buildings.swift */; settings = {ASSET_TAGS = (); }; };
		6B27834C1BD6AD2E009628D8 /* Ground.swift in Sources */ = {isa = PBXBuildFile; fileRef = 6B27834B1BD6AD2E009628D8 /* Ground.swift */; settings = {ASSET_TAGS = (); }; };
		6B27834E1BD6AD45009628D8 /* Obstacles.swift in Sources */ = {isa = PBXBuildFile; fileRef = 6B27834D1BD6AD45009628D8 /* Obstacles.swift */; settings = {ASSET_TAGS = (); }; };
		6B2783501BD6C2F3009628D8 /* LaboratoryGameLayer.swift in Sources */ = {isa = PBXBuildFile; fileRef = 6B27834F1BD6C2F3009628D8 /* LaboratoryGameLayer.swift */; settings = {ASSET_TAGS = (); }; };
		6B2783521BD6C2FF009628D8 /* CityGameLayer.swift in Sources */ = {isa = PBXBuildFile; fileRef = 6B2783511BD6C2FF009628D8 /* CityGameLayer.swift */; settings = {ASSET_TAGS = (); }; };
		6B2D98B31BB1C6E7005B342E /* AppDelegate.swift in Sources */ = {isa = PBXBuildFile; fileRef = 6B2D98B21BB1C6E7005B342E /* AppDelegate.swift */; };
		6B2D98B51BB1C6E7005B342E /* GameScene.sks in Resources */ = {isa = PBXBuildFile; fileRef = 6B2D98B41BB1C6E7005B342E /* GameScene.sks */; };
		6B2D98B91BB1C6E7005B342E /* GameViewController.swift in Sources */ = {isa = PBXBuildFile; fileRef = 6B2D98B81BB1C6E7005B342E /* GameViewController.swift */; };
		6B2D98BC1BB1C6E7005B342E /* Main.storyboard in Resources */ = {isa = PBXBuildFile; fileRef = 6B2D98BA1BB1C6E7005B342E /* Main.storyboard */; };
		6B2D98BE1BB1C6E7005B342E /* Images.xcassets in Resources */ = {isa = PBXBuildFile; fileRef = 6B2D98BD1BB1C6E7005B342E /* Images.xcassets */; };
		6B2D98C11BB1C6E7005B342E /* LaunchScreen.xib in Resources */ = {isa = PBXBuildFile; fileRef = 6B2D98BF1BB1C6E7005B342E /* LaunchScreen.xib */; };
		6B2D98CD1BB1C6E8005B342E /* Agent_31Tests.swift in Sources */ = {isa = PBXBuildFile; fileRef = 6B2D98CC1BB1C6E8005B342E /* Agent_31Tests.swift */; };
		6B408AB61BD6A26F00D64ABF /* LaboratoryScene.swift in Sources */ = {isa = PBXBuildFile; fileRef = 6B408AB51BD6A26F00D64ABF /* LaboratoryScene.swift */; settings = {ASSET_TAGS = (); }; };
		6B408AB81BD6A2C400D64ABF /* CityScene.swift in Sources */ = {isa = PBXBuildFile; fileRef = 6B408AB71BD6A2C400D64ABF /* CityScene.swift */; settings = {ASSET_TAGS = (); }; };
/* End PBXBuildFile section */

/* Begin PBXContainerItemProxy section */
		6B2D98C71BB1C6E8005B342E /* PBXContainerItemProxy */ = {
			isa = PBXContainerItemProxy;
			containerPortal = 6B2D98A51BB1C6E7005B342E /* Project object */;
			proxyType = 1;
			remoteGlobalIDString = 6B2D98AC1BB1C6E7005B342E;
			remoteInfo = "Agent 31";
		};
/* End PBXContainerItemProxy section */

/* Begin PBXFileReference section */
		091246251BBDBB39009F9DF1 /* SKGeneral.swift */ = {isa = PBXFileReference; fileEncoding = 4; lastKnownFileType = sourcecode.swift; path = SKGeneral.swift; sourceTree = "<group>"; };
		0991DC351BD800EE005BA2B9 /* 1.png */ = {isa = PBXFileReference; lastKnownFileType = image.png; path = 1.png; sourceTree = "<group>"; };
		0991DC361BD800EE005BA2B9 /* backgroundLabTest.png */ = {isa = PBXFileReference; lastKnownFileType = image.png; path = backgroundLabTest.png; sourceTree = "<group>"; };
		0991DC3A1BD800EE005BA2B9 /* frame-got-hit.png */ = {isa = PBXFileReference; lastKnownFileType = image.png; path = "frame-got-hit.png"; sourceTree = "<group>"; };
		0991DC3C1BD800EE005BA2B9 /* idleAgent1.png */ = {isa = PBXFileReference; lastKnownFileType = image.png; path = idleAgent1.png; sourceTree = "<group>"; };
		0991DC3D1BD800EE005BA2B9 /* idleAgent2.png */ = {isa = PBXFileReference; lastKnownFileType = image.png; path = idleAgent2.png; sourceTree = "<group>"; };
		0991DC3F1BD800EE005BA2B9 /* jumpAgent1.png */ = {isa = PBXFileReference; lastKnownFileType = image.png; path = jumpAgent1.png; sourceTree = "<group>"; };
		0991DC401BD800EE005BA2B9 /* jumpAgent2.png */ = {isa = PBXFileReference; lastKnownFileType = image.png; path = jumpAgent2.png; sourceTree = "<group>"; };
		0991DC421BD800EE005BA2B9 /* RunningAgent1.png */ = {isa = PBXFileReference; lastKnownFileType = image.png; path = RunningAgent1.png; sourceTree = "<group>"; };
		0991DC431BD800EE005BA2B9 /* RunningAgent2.png */ = {isa = PBXFileReference; lastKnownFileType = image.png; path = RunningAgent2.png; sourceTree = "<group>"; };
		0991DC441BD800EE005BA2B9 /* RunningAgent3.png */ = {isa = PBXFileReference; lastKnownFileType = image.png; path = RunningAgent3.png; sourceTree = "<group>"; };
		0991DC451BD800EE005BA2B9 /* RunningAgent4.png */ = {isa = PBXFileReference; lastKnownFileType = image.png; path = RunningAgent4.png; sourceTree = "<group>"; };
		0991DC461BD800EE005BA2B9 /* RunningAgent5.png */ = {isa = PBXFileReference; lastKnownFileType = image.png; path = RunningAgent5.png; sourceTree = "<group>"; };
		0991DC471BD800EE005BA2B9 /* RunningAgent6.png */ = {isa = PBXFileReference; lastKnownFileType = image.png; path = RunningAgent6.png; sourceTree = "<group>"; };
		0991DC481BD800EE005BA2B9 /* headerBarLab.png */ = {isa = PBXFileReference; lastKnownFileType = image.png; path = headerBarLab.png; sourceTree = "<group>"; };
		0991DC491BD800EE005BA2B9 /* jumpButton.png */ = {isa = PBXFileReference; lastKnownFileType = image.png; path = jumpButton.png; sourceTree = "<group>"; };
		0991DC4A1BD800EE005BA2B9 /* resourcesLabImages.png */ = {isa = PBXFileReference; lastKnownFileType = image.png; path = resourcesLabImages.png; sourceTree = "<group>"; };
		6B27831E1BD6A781009628D8 /* GameObject.swift */ = {isa = PBXFileReference; fileEncoding = 4; lastKnownFileType = sourcecode.swift; path = GameObject.swift; sourceTree = "<group>"; };
		6B2783221BD6A7E2009628D8 /* GameData.swift */ = {isa = PBXFileReference; fileEncoding = 4; lastKnownFileType = sourcecode.swift; path = GameData.swift; sourceTree = "<group>"; };
		6B2783251BD6A81E009628D8 /* Character.swift */ = {isa = PBXFileReference; fileEncoding = 4; lastKnownFileType = sourcecode.swift; path = Character.swift; sourceTree = "<group>"; };
		6B2783271BD6A849009628D8 /* GeneralEnemy.swift */ = {isa = PBXFileReference; fileEncoding = 4; lastKnownFileType = sourcecode.swift; path = GeneralEnemy.swift; sourceTree = "<group>"; };
		6B27832C1BD6A8A0009628D8 /* Agent.swift */ = {isa = PBXFileReference; fileEncoding = 4; lastKnownFileType = sourcecode.swift; path = Agent.swift; sourceTree = "<group>"; };
		6B27832E1BD6A8F0009628D8 /* LaboratoryHudLayer.swift */ = {isa = PBXFileReference; fileEncoding = 4; lastKnownFileType = sourcecode.swift; path = LaboratoryHudLayer.swift; sourceTree = "<group>"; };
		6B2783301BD6A97F009628D8 /* Desk.swift */ = {isa = PBXFileReference; fileEncoding = 4; lastKnownFileType = sourcecode.swift; path = Desk.swift; sourceTree = "<group>"; };
		6B2783331BD6A9A1009628D8 /* Computer.swift */ = {isa = PBXFileReference; fileEncoding = 4; lastKnownFileType = sourcecode.swift; path = Computer.swift; sourceTree = "<group>"; };
		6B2783351BD6A9B0009628D8 /* Television.swift */ = {isa = PBXFileReference; fileEncoding = 4; lastKnownFileType = sourcecode.swift; path = Television.swift; sourceTree = "<group>"; };
		6B2783371BD6A9CE009628D8 /* TrainingCenter.swift */ = {isa = PBXFileReference; fileEncoding = 4; lastKnownFileType = sourcecode.swift; path = TrainingCenter.swift; sourceTree = "<group>"; };
		6B2783391BD6A9E3009628D8 /* GunDevelopmentCenter.swift */ = {isa = PBXFileReference; fileEncoding = 4; lastKnownFileType = sourcecode.swift; path = GunDevelopmentCenter.swift; sourceTree = "<group>"; };
		6B27833C1BD6AAE6009628D8 /* Backpack.swift */ = {isa = PBXFileReference; fileEncoding = 4; lastKnownFileType = sourcecode.swift; path = Backpack.swift; sourceTree = "<group>"; };
		6B27833E1BD6AAFD009628D8 /* Watch.swift */ = {isa = PBXFileReference; fileEncoding = 4; lastKnownFileType = sourcecode.swift; path = Watch.swift; sourceTree = "<group>"; };
		6B2783401BD6AB38009628D8 /* LaboratoryBackgroundLayer.swift */ = {isa = PBXFileReference; fileEncoding = 4; lastKnownFileType = sourcecode.swift; path = LaboratoryBackgroundLayer.swift; sourceTree = "<group>"; };
		6B2783421BD6AB6E009628D8 /* SKPhysics.h */ = {isa = PBXFileReference; lastKnownFileType = sourcecode.c.h; path = SKPhysics.h; sourceTree = "<group>"; };
		6B2783461BD6ACDF009628D8 /* CityBackgroundLayer.swift */ = {isa = PBXFileReference; fileEncoding = 4; lastKnownFileType = sourcecode.swift; path = CityBackgroundLayer.swift; sourceTree = "<group>"; };
		6B2783491BD6AD25009628D8 /* Buildings.swift */ = {isa = PBXFileReference; fileEncoding = 4; lastKnownFileType = sourcecode.swift; path = Buildings.swift; sourceTree = "<group>"; };
		6B27834B1BD6AD2E009628D8 /* Ground.swift */ = {isa = PBXFileReference; fileEncoding = 4; lastKnownFileType = sourcecode.swift; path = Ground.swift; sourceTree = "<group>"; };
		6B27834D1BD6AD45009628D8 /* Obstacles.swift */ = {isa = PBXFileReference; fileEncoding = 4; lastKnownFileType = sourcecode.swift; path = Obstacles.swift; sourceTree = "<group>"; };
		6B27834F1BD6C2F3009628D8 /* LaboratoryGameLayer.swift */ = {isa = PBXFileReference; fileEncoding = 4; lastKnownFileType = sourcecode.swift; path = LaboratoryGameLayer.swift; sourceTree = "<group>"; };
		6B2783511BD6C2FF009628D8 /* CityGameLayer.swift */ = {isa = PBXFileReference; fileEncoding = 4; lastKnownFileType = sourcecode.swift; path = CityGameLayer.swift; sourceTree = "<group>"; };
		6B2D98AD1BB1C6E7005B342E /* Agent 31.app */ = {isa = PBXFileReference; explicitFileType = wrapper.application; includeInIndex = 0; path = "Agent 31.app"; sourceTree = BUILT_PRODUCTS_DIR; };
		6B2D98B11BB1C6E7005B342E /* Info.plist */ = {isa = PBXFileReference; lastKnownFileType = text.plist.xml; path = Info.plist; sourceTree = "<group>"; };
		6B2D98B21BB1C6E7005B342E /* AppDelegate.swift */ = {isa = PBXFileReference; lastKnownFileType = sourcecode.swift; path = AppDelegate.swift; sourceTree = "<group>"; };
		6B2D98B41BB1C6E7005B342E /* GameScene.sks */ = {isa = PBXFileReference; lastKnownFileType = file.sks; path = GameScene.sks; sourceTree = "<group>"; };
		6B2D98B81BB1C6E7005B342E /* GameViewController.swift */ = {isa = PBXFileReference; lastKnownFileType = sourcecode.swift; path = GameViewController.swift; sourceTree = "<group>"; };
		6B2D98BB1BB1C6E7005B342E /* Base */ = {isa = PBXFileReference; lastKnownFileType = file.storyboard; name = Base; path = Base.lproj/Main.storyboard; sourceTree = "<group>"; };
		6B2D98BD1BB1C6E7005B342E /* Images.xcassets */ = {isa = PBXFileReference; lastKnownFileType = folder.assetcatalog; path = Images.xcassets; sourceTree = "<group>"; };
		6B2D98C01BB1C6E7005B342E /* Base */ = {isa = PBXFileReference; lastKnownFileType = file.xib; name = Base; path = Base.lproj/LaunchScreen.xib; sourceTree = "<group>"; };
		6B2D98C61BB1C6E8005B342E /* Agent 31Tests.xctest */ = {isa = PBXFileReference; explicitFileType = wrapper.cfbundle; includeInIndex = 0; path = "Agent 31Tests.xctest"; sourceTree = BUILT_PRODUCTS_DIR; };
		6B2D98CB1BB1C6E8005B342E /* Info.plist */ = {isa = PBXFileReference; lastKnownFileType = text.plist.xml; path = Info.plist; sourceTree = "<group>"; };
		6B2D98CC1BB1C6E8005B342E /* Agent_31Tests.swift */ = {isa = PBXFileReference; lastKnownFileType = sourcecode.swift; path = Agent_31Tests.swift; sourceTree = "<group>"; };
		6B408AB51BD6A26F00D64ABF /* LaboratoryScene.swift */ = {isa = PBXFileReference; fileEncoding = 4; lastKnownFileType = sourcecode.swift; path = LaboratoryScene.swift; sourceTree = "<group>"; };
		6B408AB71BD6A2C400D64ABF /* CityScene.swift */ = {isa = PBXFileReference; fileEncoding = 4; lastKnownFileType = sourcecode.swift; path = CityScene.swift; sourceTree = "<group>"; };
/* End PBXFileReference section */

/* Begin PBXFrameworksBuildPhase section */
		6B2D98AA1BB1C6E7005B342E /* Frameworks */ = {
			isa = PBXFrameworksBuildPhase;
			buildActionMask = 2147483647;
			files = (
			);
			runOnlyForDeploymentPostprocessing = 0;
		};
		6B2D98C31BB1C6E8005B342E /* Frameworks */ = {
			isa = PBXFrameworksBuildPhase;
			buildActionMask = 2147483647;
			files = (
			);
			runOnlyForDeploymentPostprocessing = 0;
		};
/* End PBXFrameworksBuildPhase section */

/* Begin PBXGroup section */
		0991DC341BD800EE005BA2B9 /* Images */ = {
			isa = PBXGroup;
			children = (
				0991DC351BD800EE005BA2B9 /* 1.png */,
				0991DC361BD800EE005BA2B9 /* backgroundLabTest.png */,
				0991DC371BD800EE005BA2B9 /* Character */,
				0991DC481BD800EE005BA2B9 /* headerBarLab.png */,
				0991DC491BD800EE005BA2B9 /* jumpButton.png */,
				0991DC4A1BD800EE005BA2B9 /* resourcesLabImages.png */,
			);
			path = Images;
			sourceTree = SOURCE_ROOT;
		};
		0991DC371BD800EE005BA2B9 /* Character */ = {
			isa = PBXGroup;
			children = (
				0991DC381BD800EE005BA2B9 /* Agent */,
			);
			path = Character;
			sourceTree = "<group>";
		};
		0991DC381BD800EE005BA2B9 /* Agent */ = {
			isa = PBXGroup;
			children = (
				0991DC391BD800EE005BA2B9 /* GotHitAgent */,
				0991DC3B1BD800EE005BA2B9 /* IdleAgent */,
				0991DC3E1BD800EE005BA2B9 /* JumpAgent */,
				0991DC411BD800EE005BA2B9 /* RunningAgent */,
			);
			path = Agent;
			sourceTree = "<group>";
		};
		0991DC391BD800EE005BA2B9 /* GotHitAgent */ = {
			isa = PBXGroup;
			children = (
				0991DC3A1BD800EE005BA2B9 /* frame-got-hit.png */,
			);
			path = GotHitAgent;
			sourceTree = "<group>";
		};
		0991DC3B1BD800EE005BA2B9 /* IdleAgent */ = {
			isa = PBXGroup;
			children = (
				0991DC3C1BD800EE005BA2B9 /* idleAgent1.png */,
				0991DC3D1BD800EE005BA2B9 /* idleAgent2.png */,
			);
			path = IdleAgent;
			sourceTree = "<group>";
		};
		0991DC3E1BD800EE005BA2B9 /* JumpAgent */ = {
			isa = PBXGroup;
			children = (
				0991DC3F1BD800EE005BA2B9 /* jumpAgent1.png */,
				0991DC401BD800EE005BA2B9 /* jumpAgent2.png */,
			);
			path = JumpAgent;
			sourceTree = "<group>";
		};
		0991DC411BD800EE005BA2B9 /* RunningAgent */ = {
			isa = PBXGroup;
			children = (
				0991DC421BD800EE005BA2B9 /* RunningAgent1.png */,
				0991DC431BD800EE005BA2B9 /* RunningAgent2.png */,
				0991DC441BD800EE005BA2B9 /* RunningAgent3.png */,
				0991DC451BD800EE005BA2B9 /* RunningAgent4.png */,
				0991DC461BD800EE005BA2B9 /* RunningAgent5.png */,
				0991DC471BD800EE005BA2B9 /* RunningAgent6.png */,
			);
			path = RunningAgent;
			sourceTree = "<group>";
		};
		6B06CD811BD6A0B9009F38F4 /* Fonts */ = {
			isa = PBXGroup;
			children = (
			);
			name = Fonts;
			sourceTree = "<group>";
		};
		6B06CD821BD6A0C0009F38F4 /* Laboratory */ = {
			isa = PBXGroup;
			children = (
				6B27832B1BD6A875009628D8 /* LaboratoryLayers */,
				6B408AB51BD6A26F00D64ABF /* LaboratoryScene.swift */,
			);
			name = Laboratory;
			sourceTree = "<group>";
		};
		6B06CD831BD6A119009F38F4 /* City */ = {
			isa = PBXGroup;
			children = (
				6B2783481BD6ACFA009628D8 /* Objects */,
				6B27832A1BD6A86A009628D8 /* CityLayers */,
				6B408AB71BD6A2C400D64ABF /* CityScene.swift */,
			);
			name = City;
			sourceTree = "<group>";
		};
		6B2783201BD6A792009628D8 /* Scenes */ = {
			isa = PBXGroup;
			children = (
				6B06CD831BD6A119009F38F4 /* City */,
				6B06CD821BD6A0C0009F38F4 /* Laboratory */,
			);
			name = Scenes;
			sourceTree = "<group>";
		};
		6B2783211BD6A7C5009628D8 /* GameData */ = {
			isa = PBXGroup;
			children = (
				6B2783221BD6A7E2009628D8 /* GameData.swift */,
			);
			name = GameData;
			sourceTree = "<group>";
		};
		6B2783241BD6A800009628D8 /* Entities */ = {
			isa = PBXGroup;
			children = (
				6B27831E1BD6A781009628D8 /* GameObject.swift */,
				6B2783251BD6A81E009628D8 /* Character.swift */,
				6B27833B1BD6AA9A009628D8 /* Agent */,
				6B2783451BD6AC58009628D8 /* Enemies */,
				6B2783441BD6AC3B009628D8 /* Analog Stick */,
			);
			name = Entities;
			sourceTree = "<group>";
		};
		6B27832A1BD6A86A009628D8 /* CityLayers */ = {
			isa = PBXGroup;
			children = (
				6B2783461BD6ACDF009628D8 /* CityBackgroundLayer.swift */,
				6B2783511BD6C2FF009628D8 /* CityGameLayer.swift */,
			);
			name = CityLayers;
			sourceTree = "<group>";
		};
		6B27832B1BD6A875009628D8 /* LaboratoryLayers */ = {
			isa = PBXGroup;
			children = (
				6B2783321BD6A98B009628D8 /* Objects */,
				6B27832E1BD6A8F0009628D8 /* LaboratoryHudLayer.swift */,
				6B2783401BD6AB38009628D8 /* LaboratoryBackgroundLayer.swift */,
				6B27834F1BD6C2F3009628D8 /* LaboratoryGameLayer.swift */,
			);
			name = LaboratoryLayers;
			sourceTree = "<group>";
		};
		6B2783321BD6A98B009628D8 /* Objects */ = {
			isa = PBXGroup;
			children = (
				6B2783301BD6A97F009628D8 /* Desk.swift */,
				6B2783331BD6A9A1009628D8 /* Computer.swift */,
				6B2783391BD6A9E3009628D8 /* GunDevelopmentCenter.swift */,
				6B2783351BD6A9B0009628D8 /* Television.swift */,
				6B2783371BD6A9CE009628D8 /* TrainingCenter.swift */,
			);
			name = Objects;
			sourceTree = "<group>";
		};
		6B27833B1BD6AA9A009628D8 /* Agent */ = {
			isa = PBXGroup;
			children = (
				6B27832C1BD6A8A0009628D8 /* Agent.swift */,
				6B27833C1BD6AAE6009628D8 /* Backpack.swift */,
				6B27833E1BD6AAFD009628D8 /* Watch.swift */,
			);
			name = Agent;
			sourceTree = "<group>";
		};
		6B2783431BD6ABF3009628D8 /* Duel Mode */ = {
			isa = PBXGroup;
			children = (
			);
			name = "Duel Mode";
			sourceTree = "<group>";
		};
		6B2783441BD6AC3B009628D8 /* Analog Stick */ = {
			isa = PBXGroup;
			children = (
			);
			name = "Analog Stick";
			sourceTree = "<group>";
		};
		6B2783451BD6AC58009628D8 /* Enemies */ = {
			isa = PBXGroup;
			children = (
				6B2783271BD6A849009628D8 /* GeneralEnemy.swift */,
			);
			name = Enemies;
			sourceTree = "<group>";
		};
		6B2783481BD6ACFA009628D8 /* Objects */ = {
			isa = PBXGroup;
			children = (
				6B2783491BD6AD25009628D8 /* Buildings.swift */,
				6B27834B1BD6AD2E009628D8 /* Ground.swift */,
				6B27834D1BD6AD45009628D8 /* Obstacles.swift */,
			);
			name = Objects;
			sourceTree = "<group>";
		};
		6B2D98A41BB1C6E7005B342E = {
			isa = PBXGroup;
			children = (
				6B2D98AF1BB1C6E7005B342E /* Agent 31 */,
				6B2D98C91BB1C6E8005B342E /* Agent 31Tests */,
				6B2D98AE1BB1C6E7005B342E /* Products */,
			);
			sourceTree = "<group>";
		};
		6B2D98AE1BB1C6E7005B342E /* Products */ = {
			isa = PBXGroup;
			children = (
				6B2D98AD1BB1C6E7005B342E /* Agent 31.app */,
				6B2D98C61BB1C6E8005B342E /* Agent 31Tests.xctest */,
			);
			name = Products;
			sourceTree = "<group>";
		};
		6B2D98AF1BB1C6E7005B342E /* Agent 31 */ = {
			isa = PBXGroup;
			children = (
				6B408AB41BD6A1A800D64ABF /* General */,
				6B2783241BD6A800009628D8 /* Entities */,
				6B2783201BD6A792009628D8 /* Scenes */,
				6B2783431BD6ABF3009628D8 /* Duel Mode */,
				6B2783211BD6A7C5009628D8 /* GameData */,
				6B408AB31BD6A19800D64ABF /* Resources */,
				6B2D98B01BB1C6E7005B342E /* Supporting Files */,
			);
			path = "Agent 31";
			sourceTree = "<group>";
		};
		6B2D98B01BB1C6E7005B342E /* Supporting Files */ = {
			isa = PBXGroup;
			children = (
				6B2D98B11BB1C6E7005B342E /* Info.plist */,
			);
			name = "Supporting Files";
			sourceTree = "<group>";
		};
		6B2D98C91BB1C6E8005B342E /* Agent 31Tests */ = {
			isa = PBXGroup;
			children = (
				6B2D98CC1BB1C6E8005B342E /* Agent_31Tests.swift */,
				6B2D98CA1BB1C6E8005B342E /* Supporting Files */,
			);
			path = "Agent 31Tests";
			sourceTree = "<group>";
		};
		6B2D98CA1BB1C6E8005B342E /* Supporting Files */ = {
			isa = PBXGroup;
			children = (
				6B2D98CB1BB1C6E8005B342E /* Info.plist */,
			);
			name = "Supporting Files";
			sourceTree = "<group>";
		};
		6B408AB31BD6A19800D64ABF /* Resources */ = {
			isa = PBXGroup;
			children = (
				0991DC341BD800EE005BA2B9 /* Images */,
				6B06CD811BD6A0B9009F38F4 /* Fonts */,
				6B2D98BD1BB1C6E7005B342E /* Images.xcassets */,
				6B2D98BF1BB1C6E7005B342E /* LaunchScreen.xib */,
			);
			name = Resources;
			sourceTree = "<group>";
		};
		6B408AB41BD6A1A800D64ABF /* General */ = {
			isa = PBXGroup;
			children = (
				6B2D98B21BB1C6E7005B342E /* AppDelegate.swift */,
				6B2D98B81BB1C6E7005B342E /* GameViewController.swift */,
				091246251BBDBB39009F9DF1 /* SKGeneral.swift */,
				6B2D98BA1BB1C6E7005B342E /* Main.storyboard */,
				6B2D98B41BB1C6E7005B342E /* GameScene.sks */,
				6B2783421BD6AB6E009628D8 /* SKPhysics.h */,
			);
			name = General;
			sourceTree = "<group>";
		};
/* End PBXGroup section */

/* Begin PBXNativeTarget section */
		6B2D98AC1BB1C6E7005B342E /* Agent 31 */ = {
			isa = PBXNativeTarget;
			buildConfigurationList = 6B2D98D01BB1C6E8005B342E /* Build configuration list for PBXNativeTarget "Agent 31" */;
			buildPhases = (
				6B2D98A91BB1C6E7005B342E /* Sources */,
				6B2D98AA1BB1C6E7005B342E /* Frameworks */,
				6B2D98AB1BB1C6E7005B342E /* Resources */,
			);
			buildRules = (
			);
			dependencies = (
			);
			name = "Agent 31";
			productName = "Agent 31";
			productReference = 6B2D98AD1BB1C6E7005B342E /* Agent 31.app */;
			productType = "com.apple.product-type.application";
		};
		6B2D98C51BB1C6E8005B342E /* Agent 31Tests */ = {
			isa = PBXNativeTarget;
			buildConfigurationList = 6B2D98D31BB1C6E8005B342E /* Build configuration list for PBXNativeTarget "Agent 31Tests" */;
			buildPhases = (
				6B2D98C21BB1C6E8005B342E /* Sources */,
				6B2D98C31BB1C6E8005B342E /* Frameworks */,
				6B2D98C41BB1C6E8005B342E /* Resources */,
			);
			buildRules = (
			);
			dependencies = (
				6B2D98C81BB1C6E8005B342E /* PBXTargetDependency */,
			);
			name = "Agent 31Tests";
			productName = "Agent 31Tests";
			productReference = 6B2D98C61BB1C6E8005B342E /* Agent 31Tests.xctest */;
			productType = "com.apple.product-type.bundle.unit-test";
		};
/* End PBXNativeTarget section */

/* Begin PBXProject section */
		6B2D98A51BB1C6E7005B342E /* Project object */ = {
			isa = PBXProject;
			attributes = {
				LastSwiftMigration = 0700;
				LastSwiftUpdateCheck = 0700;
				LastUpgradeCheck = 0700;
				ORGANIZATIONNAME = Agent31;
				TargetAttributes = {
					6B2D98AC1BB1C6E7005B342E = {
						CreatedOnToolsVersion = 6.4;
					};
					6B2D98C51BB1C6E8005B342E = {
						CreatedOnToolsVersion = 6.4;
						TestTargetID = 6B2D98AC1BB1C6E7005B342E;
					};
				};
			};
			buildConfigurationList = 6B2D98A81BB1C6E7005B342E /* Build configuration list for PBXProject "Agent 31" */;
			compatibilityVersion = "Xcode 3.2";
			developmentRegion = English;
			hasScannedForEncodings = 0;
			knownRegions = (
				en,
				Base,
			);
			mainGroup = 6B2D98A41BB1C6E7005B342E;
			productRefGroup = 6B2D98AE1BB1C6E7005B342E /* Products */;
			projectDirPath = "";
			projectRoot = "";
			targets = (
				6B2D98AC1BB1C6E7005B342E /* Agent 31 */,
				6B2D98C51BB1C6E8005B342E /* Agent 31Tests */,
			);
		};
/* End PBXProject section */

/* Begin PBXResourcesBuildPhase section */
		6B2D98AB1BB1C6E7005B342E /* Resources */ = {
			isa = PBXResourcesBuildPhase;
			buildActionMask = 2147483647;
			files = (
				6B2D98C11BB1C6E7005B342E /* LaunchScreen.xib in Resources */,
				0991DC4C1BD800EE005BA2B9 /* backgroundLabTest.png in Resources */,
				6B2D98BE1BB1C6E7005B342E /* Images.xcassets in Resources */,
				0991DC551BD800EE005BA2B9 /* RunningAgent4.png in Resources */,
				0991DC511BD800EE005BA2B9 /* jumpAgent2.png in Resources */,
				0991DC4F1BD800EE005BA2B9 /* idleAgent2.png in Resources */,
				6B2D98B51BB1C6E7005B342E /* GameScene.sks in Resources */,
				0991DC571BD800EE005BA2B9 /* RunningAgent6.png in Resources */,
				6B2D98BC1BB1C6E7005B342E /* Main.storyboard in Resources */,
				0991DC5A1BD800EE005BA2B9 /* resourcesLabImages.png in Resources */,
				0991DC4D1BD800EE005BA2B9 /* frame-got-hit.png in Resources */,
				0991DC561BD800EE005BA2B9 /* RunningAgent5.png in Resources */,
				0991DC531BD800EE005BA2B9 /* RunningAgent2.png in Resources */,
				0991DC541BD800EE005BA2B9 /* RunningAgent3.png in Resources */,
				0991DC4B1BD800EE005BA2B9 /* 1.png in Resources */,
				0991DC581BD800EE005BA2B9 /* headerBarLab.png in Resources */,
				0991DC521BD800EE005BA2B9 /* RunningAgent1.png in Resources */,
				0991DC591BD800EE005BA2B9 /* jumpButton.png in Resources */,
				0991DC4E1BD800EE005BA2B9 /* idleAgent1.png in Resources */,
				0991DC501BD800EE005BA2B9 /* jumpAgent1.png in Resources */,
			);
			runOnlyForDeploymentPostprocessing = 0;
		};
		6B2D98C41BB1C6E8005B342E /* Resources */ = {
			isa = PBXResourcesBuildPhase;
			buildActionMask = 2147483647;
			files = (
			);
			runOnlyForDeploymentPostprocessing = 0;
		};
/* End PBXResourcesBuildPhase section */

/* Begin PBXSourcesBuildPhase section */
		6B2D98A91BB1C6E7005B342E /* Sources */ = {
			isa = PBXSourcesBuildPhase;
			buildActionMask = 2147483647;
			files = (
				6B2783381BD6A9CE009628D8 /* TrainingCenter.swift in Sources */,
				6B408AB61BD6A26F00D64ABF /* LaboratoryScene.swift in Sources */,
				6B2783361BD6A9B0009628D8 /* Television.swift in Sources */,
				6B27833A1BD6A9E3009628D8 /* GunDevelopmentCenter.swift in Sources */,
				6B2783341BD6A9A1009628D8 /* Computer.swift in Sources */,
				6B27832D1BD6A8A0009628D8 /* Agent.swift in Sources */,
				6B2D98B91BB1C6E7005B342E /* GameViewController.swift in Sources */,
				6B27833F1BD6AAFD009628D8 /* Watch.swift in Sources */,
				6B27833D1BD6AAE6009628D8 /* Backpack.swift in Sources */,
				6B27834A1BD6AD25009628D8 /* Buildings.swift in Sources */,
				6B27834C1BD6AD2E009628D8 /* Ground.swift in Sources */,
				6B2783521BD6C2FF009628D8 /* CityGameLayer.swift in Sources */,
				6B27831F1BD6A781009628D8 /* GameObject.swift in Sources */,
				6B27832F1BD6A8F0009628D8 /* LaboratoryHudLayer.swift in Sources */,
				6B408AB81BD6A2C400D64ABF /* CityScene.swift in Sources */,
				6B27834E1BD6AD45009628D8 /* Obstacles.swift in Sources */,
				6B2783231BD6A7E2009628D8 /* GameData.swift in Sources */,
				6B2783471BD6ACDF009628D8 /* CityBackgroundLayer.swift in Sources */,
				6B2783281BD6A849009628D8 /* GeneralEnemy.swift in Sources */,
				6B2783501BD6C2F3009628D8 /* LaboratoryGameLayer.swift in Sources */,
				6B2783311BD6A97F009628D8 /* Desk.swift in Sources */,
				091246261BBDBB39009F9DF1 /* SKGeneral.swift in Sources */,
				6B2D98B31BB1C6E7005B342E /* AppDelegate.swift in Sources */,
				6B2783261BD6A81E009628D8 /* Character.swift in Sources */,
				6B2783411BD6AB38009628D8 /* LaboratoryBackgroundLayer.swift in Sources */,
			);
			runOnlyForDeploymentPostprocessing = 0;
		};
		6B2D98C21BB1C6E8005B342E /* Sources */ = {
			isa = PBXSourcesBuildPhase;
			buildActionMask = 2147483647;
			files = (
				6B2D98CD1BB1C6E8005B342E /* Agent_31Tests.swift in Sources */,
			);
			runOnlyForDeploymentPostprocessing = 0;
		};
/* End PBXSourcesBuildPhase section */

/* Begin PBXTargetDependency section */
		6B2D98C81BB1C6E8005B342E /* PBXTargetDependency */ = {
			isa = PBXTargetDependency;
			target = 6B2D98AC1BB1C6E7005B342E /* Agent 31 */;
			targetProxy = 6B2D98C71BB1C6E8005B342E /* PBXContainerItemProxy */;
		};
/* End PBXTargetDependency section */

/* Begin PBXVariantGroup section */
		6B2D98BA1BB1C6E7005B342E /* Main.storyboard */ = {
			isa = PBXVariantGroup;
			children = (
				6B2D98BB1BB1C6E7005B342E /* Base */,
			);
			name = Main.storyboard;
			sourceTree = "<group>";
		};
		6B2D98BF1BB1C6E7005B342E /* LaunchScreen.xib */ = {
			isa = PBXVariantGroup;
			children = (
				6B2D98C01BB1C6E7005B342E /* Base */,
			);
			name = LaunchScreen.xib;
			sourceTree = "<group>";
		};
/* End PBXVariantGroup section */

/* Begin XCBuildConfiguration section */
		6B2D98CE1BB1C6E8005B342E /* Debug */ = {
			isa = XCBuildConfiguration;
			buildSettings = {
				ALWAYS_SEARCH_USER_PATHS = NO;
				CLANG_CXX_LANGUAGE_STANDARD = "gnu++0x";
				CLANG_CXX_LIBRARY = "libc++";
				CLANG_ENABLE_MODULES = YES;
				CLANG_ENABLE_OBJC_ARC = YES;
				CLANG_WARN_BOOL_CONVERSION = YES;
				CLANG_WARN_CONSTANT_CONVERSION = YES;
				CLANG_WARN_DIRECT_OBJC_ISA_USAGE = YES_ERROR;
				CLANG_WARN_EMPTY_BODY = YES;
				CLANG_WARN_ENUM_CONVERSION = YES;
				CLANG_WARN_INT_CONVERSION = YES;
				CLANG_WARN_OBJC_ROOT_CLASS = YES_ERROR;
				CLANG_WARN_UNREACHABLE_CODE = YES;
				CLANG_WARN__DUPLICATE_METHOD_MATCH = YES;
				"CODE_SIGN_IDENTITY[sdk=iphoneos*]" = "iPhone Developer";
				COPY_PHASE_STRIP = NO;
				DEBUG_INFORMATION_FORMAT = "dwarf-with-dsym";
				ENABLE_STRICT_OBJC_MSGSEND = YES;
				ENABLE_TESTABILITY = YES;
				GCC_C_LANGUAGE_STANDARD = gnu99;
				GCC_DYNAMIC_NO_PIC = NO;
				GCC_NO_COMMON_BLOCKS = YES;
				GCC_OPTIMIZATION_LEVEL = 0;
				GCC_PREPROCESSOR_DEFINITIONS = (
					"DEBUG=1",
					"$(inherited)",
				);
				GCC_SYMBOLS_PRIVATE_EXTERN = NO;
				GCC_WARN_64_TO_32_BIT_CONVERSION = YES;
				GCC_WARN_ABOUT_RETURN_TYPE = YES_ERROR;
				GCC_WARN_UNDECLARED_SELECTOR = YES;
				GCC_WARN_UNINITIALIZED_AUTOS = YES_AGGRESSIVE;
				GCC_WARN_UNUSED_FUNCTION = YES;
				GCC_WARN_UNUSED_VARIABLE = YES;
				IPHONEOS_DEPLOYMENT_TARGET = 8.4;
				MTL_ENABLE_DEBUG_INFO = YES;
				ONLY_ACTIVE_ARCH = YES;
				SDKROOT = iphoneos;
				SWIFT_OPTIMIZATION_LEVEL = "-Onone";
			};
			name = Debug;
		};
		6B2D98CF1BB1C6E8005B342E /* Release */ = {
			isa = XCBuildConfiguration;
			buildSettings = {
				ALWAYS_SEARCH_USER_PATHS = NO;
				CLANG_CXX_LANGUAGE_STANDARD = "gnu++0x";
				CLANG_CXX_LIBRARY = "libc++";
				CLANG_ENABLE_MODULES = YES;
				CLANG_ENABLE_OBJC_ARC = YES;
				CLANG_WARN_BOOL_CONVERSION = YES;
				CLANG_WARN_CONSTANT_CONVERSION = YES;
				CLANG_WARN_DIRECT_OBJC_ISA_USAGE = YES_ERROR;
				CLANG_WARN_EMPTY_BODY = YES;
				CLANG_WARN_ENUM_CONVERSION = YES;
				CLANG_WARN_INT_CONVERSION = YES;
				CLANG_WARN_OBJC_ROOT_CLASS = YES_ERROR;
				CLANG_WARN_UNREACHABLE_CODE = YES;
				CLANG_WARN__DUPLICATE_METHOD_MATCH = YES;
				"CODE_SIGN_IDENTITY[sdk=iphoneos*]" = "iPhone Developer";
				COPY_PHASE_STRIP = NO;
				DEBUG_INFORMATION_FORMAT = "dwarf-with-dsym";
				ENABLE_NS_ASSERTIONS = NO;
				ENABLE_STRICT_OBJC_MSGSEND = YES;
				GCC_C_LANGUAGE_STANDARD = gnu99;
				GCC_NO_COMMON_BLOCKS = YES;
				GCC_WARN_64_TO_32_BIT_CONVERSION = YES;
				GCC_WARN_ABOUT_RETURN_TYPE = YES_ERROR;
				GCC_WARN_UNDECLARED_SELECTOR = YES;
				GCC_WARN_UNINITIALIZED_AUTOS = YES_AGGRESSIVE;
				GCC_WARN_UNUSED_FUNCTION = YES;
				GCC_WARN_UNUSED_VARIABLE = YES;
				IPHONEOS_DEPLOYMENT_TARGET = 8.4;
				MTL_ENABLE_DEBUG_INFO = NO;
				SDKROOT = iphoneos;
				VALIDATE_PRODUCT = YES;
			};
			name = Release;
		};
		6B2D98D11BB1C6E8005B342E /* Debug */ = {
			isa = XCBuildConfiguration;
			buildSettings = {
				ASSETCATALOG_COMPILER_APPICON_NAME = AppIcon;
				CODE_SIGN_IDENTITY = "iPhone Developer";
				"CODE_SIGN_IDENTITY[sdk=iphoneos*]" = "iPhone Developer";
				INFOPLIST_FILE = "Agent 31/Info.plist";
				LD_RUNPATH_SEARCH_PATHS = "$(inherited) @executable_path/Frameworks";
				PRODUCT_BUNDLE_IDENTIFIER = "HenriqueDutra.$(PRODUCT_NAME:rfc1034identifier)";
				PRODUCT_NAME = "$(TARGET_NAME)";
				PROVISIONING_PROFILE = "";
			};
			name = Debug;
		};
		6B2D98D21BB1C6E8005B342E /* Release */ = {
			isa = XCBuildConfiguration;
			buildSettings = {
				ASSETCATALOG_COMPILER_APPICON_NAME = AppIcon;
				CODE_SIGN_IDENTITY = "iPhone Developer";
				"CODE_SIGN_IDENTITY[sdk=iphoneos*]" = "iPhone Developer";
				INFOPLIST_FILE = "Agent 31/Info.plist";
				LD_RUNPATH_SEARCH_PATHS = "$(inherited) @executable_path/Frameworks";
				PRODUCT_BUNDLE_IDENTIFIER = "HenriqueDutra.$(PRODUCT_NAME:rfc1034identifier)";
				PRODUCT_NAME = "$(TARGET_NAME)";
				PROVISIONING_PROFILE = "";
			};
			name = Release;
		};
		6B2D98D41BB1C6E8005B342E /* Debug */ = {
			isa = XCBuildConfiguration;
			buildSettings = {
				BUNDLE_LOADER = "$(TEST_HOST)";
				FRAMEWORK_SEARCH_PATHS = (
					"$(SDKROOT)/Developer/Library/Frameworks",
					"$(inherited)",
				);
				GCC_PREPROCESSOR_DEFINITIONS = (
					"DEBUG=1",
					"$(inherited)",
				);
				INFOPLIST_FILE = "Agent 31Tests/Info.plist";
				LD_RUNPATH_SEARCH_PATHS = "$(inherited) @executable_path/Frameworks @loader_path/Frameworks";
				PRODUCT_BUNDLE_IDENTIFIER = "HenriqueDutra.$(PRODUCT_NAME:rfc1034identifier)";
				PRODUCT_NAME = "$(TARGET_NAME)";
				TEST_HOST = "$(BUILT_PRODUCTS_DIR)/Agent 31.app/Agent 31";
			};
			name = Debug;
		};
		6B2D98D51BB1C6E8005B342E /* Release */ = {
			isa = XCBuildConfiguration;
			buildSettings = {
				BUNDLE_LOADER = "$(TEST_HOST)";
				FRAMEWORK_SEARCH_PATHS = (
					"$(SDKROOT)/Developer/Library/Frameworks",
					"$(inherited)",
				);
				INFOPLIST_FILE = "Agent 31Tests/Info.plist";
				LD_RUNPATH_SEARCH_PATHS = "$(inherited) @executable_path/Frameworks @loader_path/Frameworks";
				PRODUCT_BUNDLE_IDENTIFIER = "HenriqueDutra.$(PRODUCT_NAME:rfc1034identifier)";
				PRODUCT_NAME = "$(TARGET_NAME)";
				TEST_HOST = "$(BUILT_PRODUCTS_DIR)/Agent 31.app/Agent 31";
			};
			name = Release;
		};
/* End XCBuildConfiguration section */

/* Begin XCConfigurationList section */
		6B2D98A81BB1C6E7005B342E /* Build configuration list for PBXProject "Agent 31" */ = {
			isa = XCConfigurationList;
			buildConfigurations = (
				6B2D98CE1BB1C6E8005B342E /* Debug */,
				6B2D98CF1BB1C6E8005B342E /* Release */,
			);
			defaultConfigurationIsVisible = 0;
			defaultConfigurationName = Release;
		};
		6B2D98D01BB1C6E8005B342E /* Build configuration list for PBXNativeTarget "Agent 31" */ = {
			isa = XCConfigurationList;
			buildConfigurations = (
				6B2D98D11BB1C6E8005B342E /* Debug */,
				6B2D98D21BB1C6E8005B342E /* Release */,
			);
			defaultConfigurationIsVisible = 0;
			defaultConfigurationName = Release;
		};
		6B2D98D31BB1C6E8005B342E /* Build configuration list for PBXNativeTarget "Agent 31Tests" */ = {
			isa = XCConfigurationList;
			buildConfigurations = (
				6B2D98D41BB1C6E8005B342E /* Debug */,
				6B2D98D51BB1C6E8005B342E /* Release */,
			);
			defaultConfigurationIsVisible = 0;
			defaultConfigurationName = Release;
		};
/* End XCConfigurationList section */
	};
	rootObject = 6B2D98A51BB1C6E7005B342E /* Project object */;
}
